PODS:
  - DateTools (1.4.3)
  - HockeySDK (3.6.2)
  - Mantle (1.5.3):
    - Mantle/extobjc (= 1.5.3)
  - Mantle/extobjc (1.5.3)
  - pop (1.0.7)
  - ReactiveCocoa (2.4.4):
    - ReactiveCocoa/UI (= 2.4.4)
  - ReactiveCocoa/Core (2.4.4):
    - ReactiveCocoa/no-arc
  - ReactiveCocoa/no-arc (2.4.4)
  - ReactiveCocoa/UI (2.4.4):
    - ReactiveCocoa/Core
  - Shimmer (1.0.2)

DEPENDENCIES:
  - DateTools
  - HockeySDK (~> 3.6.2)
  - Mantle
  - Pop
  - ReactiveCocoa
  - Shimmer

SPEC CHECKSUMS:
  DateTools: c3d055af2c4d039c1791b5bffb1444ad1db32219
  HockeySDK: 51ade1aff04463137e852797d2eb4dfb2511d6a9
  Mantle: 7dddb082367d3e13bd244636d56838481c4552fe
  pop: 628ffc631644601567ee8bfaaaea493ebd7d0923
  ReactiveCocoa: cbe3b5eae464aa72a348a7323996b171728a9e71
  Shimmer: c5374be1c2b0c9e292fb05b339a513cf291cac86

COCOAPODS: 0.35.0
