// !$*UTF8*$!
{
	archiveVersion = 1;
	classes = {
	};
	objectVersion = 46;
	objects = {

/* Begin PBXBuildFile section */
		161B75591A693E9F0074AFD5 /* MultiplePulsingHaloLayer.m in Sources */ = {isa = PBXBuildFile; fileRef = 161B75561A693E9F0074AFD5 /* MultiplePulsingHaloLayer.m */; };
		161B755A1A693E9F0074AFD5 /* PulsingHaloLayer.m in Sources */ = {isa = PBXBuildFile; fileRef = 161B75581A693E9F0074AFD5 /* PulsingHaloLayer.m */; };
		161CCDA31A6A436600527A7A /* .gitignore in Resources */ = {isa = PBXBuildFile; fileRef = 161CCD871A6A436600527A7A /* .gitignore */; };
		161CCDA41A6A436600527A7A /* NSValueTransformer+FTGTransformerAdditions.m in Sources */ = {isa = PBXBuildFile; fileRef = 161CCD8B1A6A436600527A7A /* NSValueTransformer+FTGTransformerAdditions.m */; };
		161CCDA51A6A436600527A7A /* LICENSE in Resources */ = {isa = PBXBuildFile; fileRef = 161CCD8C1A6A436600527A7A /* LICENSE */; };
		161CCDA61A6A436600527A7A /* Attendance.m in Sources */ = {isa = PBXBuildFile; fileRef = 161CCD8F1A6A436600527A7A /* Attendance.m */; };
		161CCDA71A6A436600527A7A /* AttendanceDetails.m in Sources */ = {isa = PBXBuildFile; fileRef = 161CCD911A6A436600527A7A /* AttendanceDetails.m */; };
		161CCDA81A6A436600527A7A /* CBLMarks.m in Sources */ = {isa = PBXBuildFile; fileRef = 161CCD931A6A436600527A7A /* CBLMarks.m */; };
		161CCDA91A6A436600527A7A /* Courses.m in Sources */ = {isa = PBXBuildFile; fileRef = 161CCD951A6A436600527A7A /* Courses.m */; };
		161CCDAA1A6A436600527A7A /* LBCMarks.m in Sources */ = {isa = PBXBuildFile; fileRef = 161CCD971A6A436600527A7A /* LBCMarks.m */; };
		161CCDAB1A6A436600527A7A /* LoginStatus.m in Sources */ = {isa = PBXBuildFile; fileRef = 161CCD991A6A436600527A7A /* LoginStatus.m */; };
		161CCDAC1A6A436600527A7A /* PBLMarksElement.m in Sources */ = {isa = PBXBuildFile; fileRef = 161CCD9B1A6A436600527A7A /* PBLMarksElement.m */; };
		161CCDAD1A6A436600527A7A /* User.m in Sources */ = {isa = PBXBuildFile; fileRef = 161CCD9D1A6A436600527A7A /* User.m */; };
		161CCDAE1A6A436600527A7A /* README.md in Sources */ = {isa = PBXBuildFile; fileRef = 161CCD9E1A6A436600527A7A /* README.md */; };
		161CCDAF1A6A436600527A7A /* VITXClient.m in Sources */ = {isa = PBXBuildFile; fileRef = 161CCDA01A6A436600527A7A /* VITXClient.m */; };
		161CCDB01A6A436600527A7A /* VITXManager.m in Sources */ = {isa = PBXBuildFile; fileRef = 161CCDA21A6A436600527A7A /* VITXManager.m */; };
		16217B171A6A8CFE00BB0ED0 /* img1.jpg in Resources */ = {isa = PBXBuildFile; fileRef = 16217B161A6A8CFE00BB0ED0 /* img1.jpg */; };
		16217B191A6A8D7E00BB0ED0 /* img2.jpg in Resources */ = {isa = PBXBuildFile; fileRef = 16217B181A6A8D7E00BB0ED0 /* img2.jpg */; };
		16217B1B1A6A8DA700BB0ED0 /* img3.jpg in Resources */ = {isa = PBXBuildFile; fileRef = 16217B1A1A6A8DA700BB0ED0 /* img3.jpg */; };
		16217B1F1A6A92A500BB0ED0 /* img4.jpg in Resources */ = {isa = PBXBuildFile; fileRef = 16217B1E1A6A92A500BB0ED0 /* img4.jpg */; };
		16217B211A6A949A00BB0ED0 /* TodayView.xib in Resources */ = {isa = PBXBuildFile; fileRef = 16217B201A6A949A00BB0ED0 /* TodayView.xib */; };
		16217B241A6A9A5100BB0ED0 /* TodayView.m in Sources */ = {isa = PBXBuildFile; fileRef = 16217B231A6A9A5100BB0ED0 /* TodayView.m */; };
		1634D25E1A6829DA00AFAC21 /* wallpaper.jpg in Resources */ = {isa = PBXBuildFile; fileRef = 1634D25D1A6829DA00AFAC21 /* wallpaper.jpg */; };
		1644E5F21A6BDB4300504ED8 /* TimeTable.m in Sources */ = {isa = PBXBuildFile; fileRef = 1644E5F11A6BDB4300504ED8 /* TimeTable.m */; };
		16586CF11A6EE04C002B92CA /* img7.jpg in Resources */ = {isa = PBXBuildFile; fileRef = 16586CEE1A6EE04C002B92CA /* img7.jpg */; };
		16586CF21A6EE04C002B92CA /* img8.jpg in Resources */ = {isa = PBXBuildFile; fileRef = 16586CEF1A6EE04C002B92CA /* img8.jpg */; };
		16586CF31A6EE04C002B92CA /* img9.jpg in Resources */ = {isa = PBXBuildFile; fileRef = 16586CF01A6EE04C002B92CA /* img9.jpg */; };
		16617C171A6BDF86000CA406 /* LoginViewController.m in Sources */ = {isa = PBXBuildFile; fileRef = 16617C151A6BDF86000CA406 /* LoginViewController.m */; };
		16617C1B1A6BE622000CA406 /* BaseViewController.m in Sources */ = {isa = PBXBuildFile; fileRef = 16617C1A1A6BE622000CA406 /* BaseViewController.m */; };
		167203B81A6B969F00A498AE /* CCColorCube.mm in Sources */ = {isa = PBXBuildFile; fileRef = 167203B51A6B969F00A498AE /* CCColorCube.mm */; };
		167203B91A6B969F00A498AE /* CCLocalMaximum.m in Sources */ = {isa = PBXBuildFile; fileRef = 167203B71A6B969F00A498AE /* CCLocalMaximum.m */; };
		167203BB1A6B9A5E00A498AE /* img5.png in Resources */ = {isa = PBXBuildFile; fileRef = 167203BA1A6B9A5E00A498AE /* img5.png */; };
		167203BD1A6B9C3F00A498AE /* img6.jpg in Resources */ = {isa = PBXBuildFile; fileRef = 167203BC1A6B9C3F00A498AE /* img6.jpg */; };
		16E4A3041A67D66900152389 /* main.m in Sources */ = {isa = PBXBuildFile; fileRef = 16E4A3031A67D66900152389 /* main.m */; };
		16E4A3071A67D66900152389 /* AppDelegate.m in Sources */ = {isa = PBXBuildFile; fileRef = 16E4A3061A67D66900152389 /* AppDelegate.m */; };
		16E4A30D1A67D66900152389 /* Main.storyboard in Resources */ = {isa = PBXBuildFile; fileRef = 16E4A30B1A67D66900152389 /* Main.storyboard */; };
		16E4A30F1A67D66900152389 /* Images.xcassets in Resources */ = {isa = PBXBuildFile; fileRef = 16E4A30E1A67D66900152389 /* Images.xcassets */; };
		16E4A3121A67D66900152389 /* LaunchScreen.xib in Resources */ = {isa = PBXBuildFile; fileRef = 16E4A3101A67D66900152389 /* LaunchScreen.xib */; };
		16E4A31E1A67D66900152389 /* VITacademics_GlassTests.m in Sources */ = {isa = PBXBuildFile; fileRef = 16E4A31D1A67D66900152389 /* VITacademics_GlassTests.m */; };
		16E4A3291A67D6DE00152389 /* HomeCollectionViewController.m in Sources */ = {isa = PBXBuildFile; fileRef = 16E4A3281A67D6DE00152389 /* HomeCollectionViewController.m */; };
		421324571A6BA5CF00483BBF /* ClassViewCell.xib in Resources */ = {isa = PBXBuildFile; fileRef = 421324561A6BA5CF00483BBF /* ClassViewCell.xib */; };
		4213245D1A6BCC3B00483BBF /* ExpanedView.m in Sources */ = {isa = PBXBuildFile; fileRef = 4213245C1A6BCC3B00483BBF /* ExpanedView.m */; };
		425783911A6820B600885323 /* CondensedView.xib in Resources */ = {isa = PBXBuildFile; fileRef = 425783901A6820B600885323 /* CondensedView.xib */; };
		425783931A6820D200885323 /* ExpandedView.xib in Resources */ = {isa = PBXBuildFile; fileRef = 425783921A6820D200885323 /* ExpandedView.xib */; };
		425783971A682FF300885323 /* UIImage+ImageEffects.m in Sources */ = {isa = PBXBuildFile; fileRef = 425783961A682FF300885323 /* UIImage+ImageEffects.m */; };
		4257839A1A68E93600885323 /* RoundedHexagonPercentageView.m in Sources */ = {isa = PBXBuildFile; fileRef = 425783991A68E93600885323 /* RoundedHexagonPercentageView.m */; };
		425783A01A69391600885323 /* GraphView.m in Sources */ = {isa = PBXBuildFile; fileRef = 4257839F1A69391600885323 /* GraphView.m */; };
		42E4ACFB1A6EC81200D9572F /* Menu@2x.png in Resources */ = {isa = PBXBuildFile; fileRef = 42E4ACFA1A6EC81200D9572F /* Menu@2x.png */; };
		CEC71B31D098745E1442027B /* libPods.a in Frameworks */ = {isa = PBXBuildFile; fileRef = DA9E6B1DB054274C90B053C6 /* libPods.a */; };
/* End PBXBuildFile section */

/* Begin PBXContainerItemProxy section */
		16E4A3181A67D66900152389 /* PBXContainerItemProxy */ = {
			isa = PBXContainerItemProxy;
			containerPortal = 16E4A2F61A67D66900152389 /* Project object */;
			proxyType = 1;
			remoteGlobalIDString = 16E4A2FD1A67D66900152389;
			remoteInfo = "VITacademics-Glass";
		};
/* End PBXContainerItemProxy section */

/* Begin PBXFileReference section */
		161B75551A693E9F0074AFD5 /* MultiplePulsingHaloLayer.h */ = {isa = PBXFileReference; fileEncoding = 4; lastKnownFileType = sourcecode.c.h; path = MultiplePulsingHaloLayer.h; sourceTree = "<group>"; };
		161B75561A693E9F0074AFD5 /* MultiplePulsingHaloLayer.m */ = {isa = PBXFileReference; fileEncoding = 4; lastKnownFileType = sourcecode.c.objc; path = MultiplePulsingHaloLayer.m; sourceTree = "<group>"; };
		161B75571A693E9F0074AFD5 /* PulsingHaloLayer.h */ = {isa = PBXFileReference; fileEncoding = 4; lastKnownFileType = sourcecode.c.h; path = PulsingHaloLayer.h; sourceTree = "<group>"; };
		161B75581A693E9F0074AFD5 /* PulsingHaloLayer.m */ = {isa = PBXFileReference; fileEncoding = 4; lastKnownFileType = sourcecode.c.objc; path = PulsingHaloLayer.m; sourceTree = "<group>"; };
		161CCD871A6A436600527A7A /* .gitignore */ = {isa = PBXFileReference; fileEncoding = 4; lastKnownFileType = text; path = .gitignore; sourceTree = "<group>"; };
		161CCD891A6A436600527A7A /* FTGValueTransformer.h */ = {isa = PBXFileReference; fileEncoding = 4; lastKnownFileType = sourcecode.c.h; path = FTGValueTransformer.h; sourceTree = "<group>"; };
		161CCD8A1A6A436600527A7A /* NSValueTransformer+FTGTransformerAdditions.h */ = {isa = PBXFileReference; fileEncoding = 4; lastKnownFileType = sourcecode.c.h; path = "NSValueTransformer+FTGTransformerAdditions.h"; sourceTree = "<group>"; };
		161CCD8B1A6A436600527A7A /* NSValueTransformer+FTGTransformerAdditions.m */ = {isa = PBXFileReference; fileEncoding = 4; lastKnownFileType = sourcecode.c.objc; path = "NSValueTransformer+FTGTransformerAdditions.m"; sourceTree = "<group>"; };
		161CCD8C1A6A436600527A7A /* LICENSE */ = {isa = PBXFileReference; fileEncoding = 4; lastKnownFileType = text; path = LICENSE; sourceTree = "<group>"; };
		161CCD8E1A6A436600527A7A /* Attendance.h */ = {isa = PBXFileReference; fileEncoding = 4; lastKnownFileType = sourcecode.c.h; path = Attendance.h; sourceTree = "<group>"; };
		161CCD8F1A6A436600527A7A /* Attendance.m */ = {isa = PBXFileReference; fileEncoding = 4; lastKnownFileType = sourcecode.c.objc; path = Attendance.m; sourceTree = "<group>"; };
		161CCD901A6A436600527A7A /* AttendanceDetails.h */ = {isa = PBXFileReference; fileEncoding = 4; lastKnownFileType = sourcecode.c.h; path = AttendanceDetails.h; sourceTree = "<group>"; };
		161CCD911A6A436600527A7A /* AttendanceDetails.m */ = {isa = PBXFileReference; fileEncoding = 4; lastKnownFileType = sourcecode.c.objc; path = AttendanceDetails.m; sourceTree = "<group>"; };
		161CCD921A6A436600527A7A /* CBLMarks.h */ = {isa = PBXFileReference; fileEncoding = 4; lastKnownFileType = sourcecode.c.h; path = CBLMarks.h; sourceTree = "<group>"; };
		161CCD931A6A436600527A7A /* CBLMarks.m */ = {isa = PBXFileReference; fileEncoding = 4; lastKnownFileType = sourcecode.c.objc; path = CBLMarks.m; sourceTree = "<group>"; };
		161CCD941A6A436600527A7A /* Courses.h */ = {isa = PBXFileReference; fileEncoding = 4; lastKnownFileType = sourcecode.c.h; path = Courses.h; sourceTree = "<group>"; };
		161CCD951A6A436600527A7A /* Courses.m */ = {isa = PBXFileReference; fileEncoding = 4; lastKnownFileType = sourcecode.c.objc; path = Courses.m; sourceTree = "<group>"; };
		161CCD961A6A436600527A7A /* LBCMarks.h */ = {isa = PBXFileReference; fileEncoding = 4; lastKnownFileType = sourcecode.c.h; path = LBCMarks.h; sourceTree = "<group>"; };
		161CCD971A6A436600527A7A /* LBCMarks.m */ = {isa = PBXFileReference; fileEncoding = 4; lastKnownFileType = sourcecode.c.objc; path = LBCMarks.m; sourceTree = "<group>"; };
		161CCD981A6A436600527A7A /* LoginStatus.h */ = {isa = PBXFileReference; fileEncoding = 4; lastKnownFileType = sourcecode.c.h; path = LoginStatus.h; sourceTree = "<group>"; };
		161CCD991A6A436600527A7A /* LoginStatus.m */ = {isa = PBXFileReference; fileEncoding = 4; lastKnownFileType = sourcecode.c.objc; path = LoginStatus.m; sourceTree = "<group>"; };
		161CCD9A1A6A436600527A7A /* PBLMarksElement.h */ = {isa = PBXFileReference; fileEncoding = 4; lastKnownFileType = sourcecode.c.h; path = PBLMarksElement.h; sourceTree = "<group>"; };
		161CCD9B1A6A436600527A7A /* PBLMarksElement.m */ = {isa = PBXFileReference; fileEncoding = 4; lastKnownFileType = sourcecode.c.objc; path = PBLMarksElement.m; sourceTree = "<group>"; };
		161CCD9C1A6A436600527A7A /* User.h */ = {isa = PBXFileReference; fileEncoding = 4; lastKnownFileType = sourcecode.c.h; path = User.h; sourceTree = "<group>"; };
		161CCD9D1A6A436600527A7A /* User.m */ = {isa = PBXFileReference; fileEncoding = 4; lastKnownFileType = sourcecode.c.objc; path = User.m; sourceTree = "<group>"; };
		161CCD9E1A6A436600527A7A /* README.md */ = {isa = PBXFileReference; fileEncoding = 4; lastKnownFileType = net.daringfireball.markdown; path = README.md; sourceTree = "<group>"; };
		161CCD9F1A6A436600527A7A /* VITXClient.h */ = {isa = PBXFileReference; fileEncoding = 4; lastKnownFileType = sourcecode.c.h; path = VITXClient.h; sourceTree = "<group>"; };
		161CCDA01A6A436600527A7A /* VITXClient.m */ = {isa = PBXFileReference; fileEncoding = 4; lastKnownFileType = sourcecode.c.objc; path = VITXClient.m; sourceTree = "<group>"; };
		161CCDA11A6A436600527A7A /* VITXManager.h */ = {isa = PBXFileReference; fileEncoding = 4; lastKnownFileType = sourcecode.c.h; path = VITXManager.h; sourceTree = "<group>"; };
		161CCDA21A6A436600527A7A /* VITXManager.m */ = {isa = PBXFileReference; fileEncoding = 4; lastKnownFileType = sourcecode.c.objc; path = VITXManager.m; sourceTree = "<group>"; };
		16217B161A6A8CFE00BB0ED0 /* img1.jpg */ = {isa = PBXFileReference; lastKnownFileType = image.jpeg; path = img1.jpg; sourceTree = "<group>"; };
		16217B181A6A8D7E00BB0ED0 /* img2.jpg */ = {isa = PBXFileReference; lastKnownFileType = image.jpeg; path = img2.jpg; sourceTree = "<group>"; };
		16217B1A1A6A8DA700BB0ED0 /* img3.jpg */ = {isa = PBXFileReference; lastKnownFileType = image.jpeg; path = img3.jpg; sourceTree = "<group>"; };
		16217B1E1A6A92A500BB0ED0 /* img4.jpg */ = {isa = PBXFileReference; lastKnownFileType = image.jpeg; path = img4.jpg; sourceTree = "<group>"; };
		16217B201A6A949A00BB0ED0 /* TodayView.xib */ = {isa = PBXFileReference; fileEncoding = 4; lastKnownFileType = file.xib; path = TodayView.xib; sourceTree = "<group>"; };
		16217B221A6A9A5100BB0ED0 /* TodayView.h */ = {isa = PBXFileReference; fileEncoding = 4; lastKnownFileType = sourcecode.c.h; path = TodayView.h; sourceTree = "<group>"; };
		16217B231A6A9A5100BB0ED0 /* TodayView.m */ = {isa = PBXFileReference; fileEncoding = 4; lastKnownFileType = sourcecode.c.objc; path = TodayView.m; sourceTree = "<group>"; };
		1634D25D1A6829DA00AFAC21 /* wallpaper.jpg */ = {isa = PBXFileReference; lastKnownFileType = image.jpeg; path = wallpaper.jpg; sourceTree = "<group>"; };
		1644E5F01A6BDB4300504ED8 /* TimeTable.h */ = {isa = PBXFileReference; fileEncoding = 4; lastKnownFileType = sourcecode.c.h; path = TimeTable.h; sourceTree = "<group>"; };
		1644E5F11A6BDB4300504ED8 /* TimeTable.m */ = {isa = PBXFileReference; fileEncoding = 4; lastKnownFileType = sourcecode.c.objc; path = TimeTable.m; sourceTree = "<group>"; };
		16586CEE1A6EE04C002B92CA /* img7.jpg */ = {isa = PBXFileReference; lastKnownFileType = image.jpeg; path = img7.jpg; sourceTree = "<group>"; };
		16586CEF1A6EE04C002B92CA /* img8.jpg */ = {isa = PBXFileReference; lastKnownFileType = image.jpeg; path = img8.jpg; sourceTree = "<group>"; };
		16586CF01A6EE04C002B92CA /* img9.jpg */ = {isa = PBXFileReference; lastKnownFileType = image.jpeg; path = img9.jpg; sourceTree = "<group>"; };
		16617C141A6BDF86000CA406 /* LoginViewController.h */ = {isa = PBXFileReference; fileEncoding = 4; lastKnownFileType = sourcecode.c.h; path = LoginViewController.h; sourceTree = "<group>"; };
		16617C151A6BDF86000CA406 /* LoginViewController.m */ = {isa = PBXFileReference; fileEncoding = 4; lastKnownFileType = sourcecode.c.objc; path = LoginViewController.m; sourceTree = "<group>"; };
		16617C191A6BE622000CA406 /* BaseViewController.h */ = {isa = PBXFileReference; fileEncoding = 4; lastKnownFileType = sourcecode.c.h; path = BaseViewController.h; sourceTree = "<group>"; };
		16617C1A1A6BE622000CA406 /* BaseViewController.m */ = {isa = PBXFileReference; fileEncoding = 4; lastKnownFileType = sourcecode.c.objc; path = BaseViewController.m; sourceTree = "<group>"; };
		167203B41A6B969F00A498AE /* CCColorCube.h */ = {isa = PBXFileReference; fileEncoding = 4; lastKnownFileType = sourcecode.c.h; path = CCColorCube.h; sourceTree = "<group>"; };
		167203B51A6B969F00A498AE /* CCColorCube.mm */ = {isa = PBXFileReference; fileEncoding = 4; lastKnownFileType = sourcecode.cpp.objcpp; path = CCColorCube.mm; sourceTree = "<group>"; };
		167203B61A6B969F00A498AE /* CCLocalMaximum.h */ = {isa = PBXFileReference; fileEncoding = 4; lastKnownFileType = sourcecode.c.h; path = CCLocalMaximum.h; sourceTree = "<group>"; };
		167203B71A6B969F00A498AE /* CCLocalMaximum.m */ = {isa = PBXFileReference; fileEncoding = 4; lastKnownFileType = sourcecode.c.objc; path = CCLocalMaximum.m; sourceTree = "<group>"; };
		167203BA1A6B9A5E00A498AE /* img5.png */ = {isa = PBXFileReference; lastKnownFileType = image.png; path = img5.png; sourceTree = "<group>"; };
		167203BC1A6B9C3F00A498AE /* img6.jpg */ = {isa = PBXFileReference; lastKnownFileType = image.jpeg; path = img6.jpg; sourceTree = "<group>"; };
		16E4A2FE1A67D66900152389 /* VITacademics-Glass.app */ = {isa = PBXFileReference; explicitFileType = wrapper.application; includeInIndex = 0; path = "VITacademics-Glass.app"; sourceTree = BUILT_PRODUCTS_DIR; };
		16E4A3021A67D66900152389 /* Info.plist */ = {isa = PBXFileReference; lastKnownFileType = text.plist.xml; path = Info.plist; sourceTree = "<group>"; };
		16E4A3031A67D66900152389 /* main.m */ = {isa = PBXFileReference; lastKnownFileType = sourcecode.c.objc; path = main.m; sourceTree = "<group>"; };
		16E4A3051A67D66900152389 /* AppDelegate.h */ = {isa = PBXFileReference; lastKnownFileType = sourcecode.c.h; path = AppDelegate.h; sourceTree = "<group>"; };
		16E4A3061A67D66900152389 /* AppDelegate.m */ = {isa = PBXFileReference; lastKnownFileType = sourcecode.c.objc; path = AppDelegate.m; sourceTree = "<group>"; };
		16E4A30C1A67D66900152389 /* Base */ = {isa = PBXFileReference; lastKnownFileType = file.storyboard; name = Base; path = Base.lproj/Main.storyboard; sourceTree = "<group>"; };
		16E4A30E1A67D66900152389 /* Images.xcassets */ = {isa = PBXFileReference; lastKnownFileType = folder.assetcatalog; path = Images.xcassets; sourceTree = "<group>"; };
		16E4A3111A67D66900152389 /* Base */ = {isa = PBXFileReference; lastKnownFileType = file.xib; name = Base; path = Base.lproj/LaunchScreen.xib; sourceTree = "<group>"; };
		16E4A3171A67D66900152389 /* VITacademics-GlassTests.xctest */ = {isa = PBXFileReference; explicitFileType = wrapper.cfbundle; includeInIndex = 0; path = "VITacademics-GlassTests.xctest"; sourceTree = BUILT_PRODUCTS_DIR; };
		16E4A31C1A67D66900152389 /* Info.plist */ = {isa = PBXFileReference; lastKnownFileType = text.plist.xml; path = Info.plist; sourceTree = "<group>"; };
		16E4A31D1A67D66900152389 /* VITacademics_GlassTests.m */ = {isa = PBXFileReference; lastKnownFileType = sourcecode.c.objc; path = VITacademics_GlassTests.m; sourceTree = "<group>"; };
		16E4A3271A67D6DE00152389 /* HomeCollectionViewController.h */ = {isa = PBXFileReference; fileEncoding = 4; lastKnownFileType = sourcecode.c.h; path = HomeCollectionViewController.h; sourceTree = "<group>"; };
		16E4A3281A67D6DE00152389 /* HomeCollectionViewController.m */ = {isa = PBXFileReference; fileEncoding = 4; lastKnownFileType = sourcecode.c.objc; path = HomeCollectionViewController.m; sourceTree = "<group>"; };
		35B4FC53CC73941112528291 /* Pods.debug.xcconfig */ = {isa = PBXFileReference; includeInIndex = 1; lastKnownFileType = text.xcconfig; name = Pods.debug.xcconfig; path = "Pods/Target Support Files/Pods/Pods.debug.xcconfig"; sourceTree = "<group>"; };
		421324561A6BA5CF00483BBF /* ClassViewCell.xib */ = {isa = PBXFileReference; fileEncoding = 4; lastKnownFileType = file.xib; path = ClassViewCell.xib; sourceTree = "<group>"; };
		4213245B1A6BCC3B00483BBF /* ExpanedView.h */ = {isa = PBXFileReference; fileEncoding = 4; lastKnownFileType = sourcecode.c.h; path = ExpanedView.h; sourceTree = "<group>"; };
		4213245C1A6BCC3B00483BBF /* ExpanedView.m */ = {isa = PBXFileReference; fileEncoding = 4; lastKnownFileType = sourcecode.c.objc; path = ExpanedView.m; sourceTree = "<group>"; };
		425783901A6820B600885323 /* CondensedView.xib */ = {isa = PBXFileReference; fileEncoding = 4; lastKnownFileType = file.xib; path = CondensedView.xib; sourceTree = "<group>"; };
		425783921A6820D200885323 /* ExpandedView.xib */ = {isa = PBXFileReference; fileEncoding = 4; lastKnownFileType = file.xib; path = ExpandedView.xib; sourceTree = "<group>"; };
		425783951A682FF300885323 /* UIImage+ImageEffects.h */ = {isa = PBXFileReference; fileEncoding = 4; lastKnownFileType = sourcecode.c.h; path = "UIImage+ImageEffects.h"; sourceTree = "<group>"; };
		425783961A682FF300885323 /* UIImage+ImageEffects.m */ = {isa = PBXFileReference; fileEncoding = 4; lastKnownFileType = sourcecode.c.objc; path = "UIImage+ImageEffects.m"; sourceTree = "<group>"; };
		425783981A68E93600885323 /* RoundedHexagonPercentageView.h */ = {isa = PBXFileReference; fileEncoding = 4; lastKnownFileType = sourcecode.c.h; path = RoundedHexagonPercentageView.h; sourceTree = "<group>"; };
		425783991A68E93600885323 /* RoundedHexagonPercentageView.m */ = {isa = PBXFileReference; fileEncoding = 4; lastKnownFileType = sourcecode.c.objc; path = RoundedHexagonPercentageView.m; sourceTree = "<group>"; };
		4257839E1A69391600885323 /* GraphView.h */ = {isa = PBXFileReference; fileEncoding = 4; lastKnownFileType = sourcecode.c.h; path = GraphView.h; sourceTree = "<group>"; };
		4257839F1A69391600885323 /* GraphView.m */ = {isa = PBXFileReference; fileEncoding = 4; lastKnownFileType = sourcecode.c.objc; path = GraphView.m; sourceTree = "<group>"; };
		42E4ACFA1A6EC81200D9572F /* Menu@2x.png */ = {isa = PBXFileReference; lastKnownFileType = image.png; path = "Menu@2x.png"; sourceTree = "<group>"; };
		DA9E6B1DB054274C90B053C6 /* libPods.a */ = {isa = PBXFileReference; explicitFileType = archive.ar; includeInIndex = 0; path = libPods.a; sourceTree = BUILT_PRODUCTS_DIR; };
		E37A615077840976B51267B2 /* Pods.release.xcconfig */ = {isa = PBXFileReference; includeInIndex = 1; lastKnownFileType = text.xcconfig; name = Pods.release.xcconfig; path = "Pods/Target Support Files/Pods/Pods.release.xcconfig"; sourceTree = "<group>"; };
/* End PBXFileReference section */

/* Begin PBXFrameworksBuildPhase section */
		16E4A2FB1A67D66900152389 /* Frameworks */ = {
			isa = PBXFrameworksBuildPhase;
			buildActionMask = 2147483647;
			files = (
				CEC71B31D098745E1442027B /* libPods.a in Frameworks */,
			);
			runOnlyForDeploymentPostprocessing = 0;
		};
		16E4A3141A67D66900152389 /* Frameworks */ = {
			isa = PBXFrameworksBuildPhase;
			buildActionMask = 2147483647;
			files = (
			);
			runOnlyForDeploymentPostprocessing = 0;
		};
/* End PBXFrameworksBuildPhase section */

/* Begin PBXGroup section */
		161B75541A693E9F0074AFD5 /* PulsingHalo */ = {
			isa = PBXGroup;
			children = (
				161B75551A693E9F0074AFD5 /* MultiplePulsingHaloLayer.h */,
				161B75561A693E9F0074AFD5 /* MultiplePulsingHaloLayer.m */,
				161B75571A693E9F0074AFD5 /* PulsingHaloLayer.h */,
				161B75581A693E9F0074AFD5 /* PulsingHaloLayer.m */,
			);
			path = PulsingHalo;
			sourceTree = "<group>";
		};
		161CCD861A6A436600527A7A /* VITacademics-iOS-SDK */ = {
			isa = PBXGroup;
			children = (
				161CCD871A6A436600527A7A /* .gitignore */,
				161CCD881A6A436600527A7A /* FTGValueTransformer */,
				161CCD8C1A6A436600527A7A /* LICENSE */,
				161CCD8D1A6A436600527A7A /* Model */,
				161CCD9E1A6A436600527A7A /* README.md */,
				161CCD9F1A6A436600527A7A /* VITXClient.h */,
				161CCDA01A6A436600527A7A /* VITXClient.m */,
				161CCDA11A6A436600527A7A /* VITXManager.h */,
				161CCDA21A6A436600527A7A /* VITXManager.m */,
			);
			path = "VITacademics-iOS-SDK";
			sourceTree = "<group>";
		};
		161CCD881A6A436600527A7A /* FTGValueTransformer */ = {
			isa = PBXGroup;
			children = (
				161CCD891A6A436600527A7A /* FTGValueTransformer.h */,
				161CCD8A1A6A436600527A7A /* NSValueTransformer+FTGTransformerAdditions.h */,
				161CCD8B1A6A436600527A7A /* NSValueTransformer+FTGTransformerAdditions.m */,
			);
			path = FTGValueTransformer;
			sourceTree = "<group>";
		};
		161CCD8D1A6A436600527A7A /* Model */ = {
			isa = PBXGroup;
			children = (
				1644E5F01A6BDB4300504ED8 /* TimeTable.h */,
				1644E5F11A6BDB4300504ED8 /* TimeTable.m */,
				161CCD8E1A6A436600527A7A /* Attendance.h */,
				161CCD8F1A6A436600527A7A /* Attendance.m */,
				161CCD901A6A436600527A7A /* AttendanceDetails.h */,
				161CCD911A6A436600527A7A /* AttendanceDetails.m */,
				161CCD921A6A436600527A7A /* CBLMarks.h */,
				161CCD931A6A436600527A7A /* CBLMarks.m */,
				161CCD941A6A436600527A7A /* Courses.h */,
				161CCD951A6A436600527A7A /* Courses.m */,
				161CCD961A6A436600527A7A /* LBCMarks.h */,
				161CCD971A6A436600527A7A /* LBCMarks.m */,
				161CCD981A6A436600527A7A /* LoginStatus.h */,
				161CCD991A6A436600527A7A /* LoginStatus.m */,
				161CCD9A1A6A436600527A7A /* PBLMarksElement.h */,
				161CCD9B1A6A436600527A7A /* PBLMarksElement.m */,
				161CCD9C1A6A436600527A7A /* User.h */,
				161CCD9D1A6A436600527A7A /* User.m */,
			);
			path = Model;
			sourceTree = "<group>";
		};
		1644E5F31A6BDB6300504ED8 /* Images */ = {
			isa = PBXGroup;
			children = (
				42E4ACFA1A6EC81200D9572F /* Menu@2x.png */,
				16217B161A6A8CFE00BB0ED0 /* img1.jpg */,
				16217B181A6A8D7E00BB0ED0 /* img2.jpg */,
				16217B1A1A6A8DA700BB0ED0 /* img3.jpg */,
				16217B1E1A6A92A500BB0ED0 /* img4.jpg */,
				167203BA1A6B9A5E00A498AE /* img5.png */,
				167203BC1A6B9C3F00A498AE /* img6.jpg */,
				16586CEE1A6EE04C002B92CA /* img7.jpg */,
				16586CEF1A6EE04C002B92CA /* img8.jpg */,
				16586CF01A6EE04C002B92CA /* img9.jpg */,
			);
			name = Images;
			sourceTree = "<group>";
		};
		167203B31A6B969F00A498AE /* ColorCube */ = {
			isa = PBXGroup;
			children = (
				167203B41A6B969F00A498AE /* CCColorCube.h */,
				167203B51A6B969F00A498AE /* CCColorCube.mm */,
				167203B61A6B969F00A498AE /* CCLocalMaximum.h */,
				167203B71A6B969F00A498AE /* CCLocalMaximum.m */,
			);
			path = ColorCube;
			sourceTree = "<group>";
		};
		16E4A2F51A67D66900152389 = {
			isa = PBXGroup;
			children = (
				16E4A3001A67D66900152389 /* VITacademics-Glass */,
				16E4A31A1A67D66900152389 /* VITacademics-GlassTests */,
				16E4A2FF1A67D66900152389 /* Products */,
				57AD456BB52A0FFAD0EF6E67 /* Pods */,
				4086F0218CDD1A78F18C13A2 /* Frameworks */,
			);
			sourceTree = "<group>";
		};
		16E4A2FF1A67D66900152389 /* Products */ = {
			isa = PBXGroup;
			children = (
				16E4A2FE1A67D66900152389 /* VITacademics-Glass.app */,
				16E4A3171A67D66900152389 /* VITacademics-GlassTests.xctest */,
			);
			name = Products;
			sourceTree = "<group>";
		};
		16E4A3001A67D66900152389 /* VITacademics-Glass */ = {
			isa = PBXGroup;
			children = (
				16E4A3271A67D6DE00152389 /* HomeCollectionViewController.h */,
				16E4A3281A67D6DE00152389 /* HomeCollectionViewController.m */,
				16E4A3051A67D66900152389 /* AppDelegate.h */,
				16E4A3061A67D66900152389 /* AppDelegate.m */,
				16E4A30B1A67D66900152389 /* Main.storyboard */,
				16617C191A6BE622000CA406 /* BaseViewController.h */,
				16617C1A1A6BE622000CA406 /* BaseViewController.m */,
				16E4A30E1A67D66900152389 /* Images.xcassets */,
				1634D25D1A6829DA00AFAC21 /* wallpaper.jpg */,
				16E4A3101A67D66900152389 /* LaunchScreen.xib */,
				16617C141A6BDF86000CA406 /* LoginViewController.h */,
				16617C151A6BDF86000CA406 /* LoginViewController.m */,
				425783941A6820DB00885323 /* View XIB Files */,
				16E4A3011A67D66900152389 /* Supporting Files */,
			);
			path = "VITacademics-Glass";
			sourceTree = "<group>";
		};
		16E4A3011A67D66900152389 /* Supporting Files */ = {
			isa = PBXGroup;
			children = (
				1644E5F31A6BDB6300504ED8 /* Images */,
				167203B31A6B969F00A498AE /* ColorCube */,
				161CCD861A6A436600527A7A /* VITacademics-iOS-SDK */,
				161B75541A693E9F0074AFD5 /* PulsingHalo */,
				425783951A682FF300885323 /* UIImage+ImageEffects.h */,
				425783961A682FF300885323 /* UIImage+ImageEffects.m */,
				16E4A3021A67D66900152389 /* Info.plist */,
				16E4A3031A67D66900152389 /* main.m */,
			);
			name = "Supporting Files";
			sourceTree = "<group>";
		};
		16E4A31A1A67D66900152389 /* VITacademics-GlassTests */ = {
			isa = PBXGroup;
			children = (
				16E4A31D1A67D66900152389 /* VITacademics_GlassTests.m */,
				16E4A31B1A67D66900152389 /* Supporting Files */,
			);
			path = "VITacademics-GlassTests";
			sourceTree = "<group>";
		};
		16E4A31B1A67D66900152389 /* Supporting Files */ = {
			isa = PBXGroup;
			children = (
				16E4A31C1A67D66900152389 /* Info.plist */,
			);
			name = "Supporting Files";
			sourceTree = "<group>";
		};
		4086F0218CDD1A78F18C13A2 /* Frameworks */ = {
			isa = PBXGroup;
			children = (
				DA9E6B1DB054274C90B053C6 /* libPods.a */,
			);
			name = Frameworks;
			sourceTree = "<group>";
		};
		425783941A6820DB00885323 /* View XIB Files */ = {
			isa = PBXGroup;
			children = (
				16217B221A6A9A5100BB0ED0 /* TodayView.h */,
				16217B231A6A9A5100BB0ED0 /* TodayView.m */,
				4257839E1A69391600885323 /* GraphView.h */,
				4257839F1A69391600885323 /* GraphView.m */,
				425783981A68E93600885323 /* RoundedHexagonPercentageView.h */,
				425783991A68E93600885323 /* RoundedHexagonPercentageView.m */,
				421324561A6BA5CF00483BBF /* ClassViewCell.xib */,
				16217B201A6A949A00BB0ED0 /* TodayView.xib */,
				425783901A6820B600885323 /* CondensedView.xib */,
				425783921A6820D200885323 /* ExpandedView.xib */,
				4213245B1A6BCC3B00483BBF /* ExpanedView.h */,
				4213245C1A6BCC3B00483BBF /* ExpanedView.m */,
			);
			name = "View XIB Files";
			sourceTree = "<group>";
		};
		57AD456BB52A0FFAD0EF6E67 /* Pods */ = {
			isa = PBXGroup;
			children = (
				35B4FC53CC73941112528291 /* Pods.debug.xcconfig */,
				E37A615077840976B51267B2 /* Pods.release.xcconfig */,
			);
			name = Pods;
			sourceTree = "<group>";
		};
/* End PBXGroup section */

/* Begin PBXNativeTarget section */
		16E4A2FD1A67D66900152389 /* VITacademics-Glass */ = {
			isa = PBXNativeTarget;
			buildConfigurationList = 16E4A3211A67D66900152389 /* Build configuration list for PBXNativeTarget "VITacademics-Glass" */;
			buildPhases = (
				A3F2500286869D6451D03DF5 /* Check Pods Manifest.lock */,
				16E4A2FA1A67D66900152389 /* Sources */,
				16E4A2FB1A67D66900152389 /* Frameworks */,
				16E4A2FC1A67D66900152389 /* Resources */,
				EDAB37BC300D5B2006D25268 /* Copy Pods Resources */,
			);
			buildRules = (
			);
			dependencies = (
			);
			name = "VITacademics-Glass";
			productName = "VITacademics-Glass";
			productReference = 16E4A2FE1A67D66900152389 /* VITacademics-Glass.app */;
			productType = "com.apple.product-type.application";
		};
		16E4A3161A67D66900152389 /* VITacademics-GlassTests */ = {
			isa = PBXNativeTarget;
			buildConfigurationList = 16E4A3241A67D66900152389 /* Build configuration list for PBXNativeTarget "VITacademics-GlassTests" */;
			buildPhases = (
				16E4A3131A67D66900152389 /* Sources */,
				16E4A3141A67D66900152389 /* Frameworks */,
				16E4A3151A67D66900152389 /* Resources */,
			);
			buildRules = (
			);
			dependencies = (
				16E4A3191A67D66900152389 /* PBXTargetDependency */,
			);
			name = "VITacademics-GlassTests";
			productName = "VITacademics-GlassTests";
			productReference = 16E4A3171A67D66900152389 /* VITacademics-GlassTests.xctest */;
			productType = "com.apple.product-type.bundle.unit-test";
		};
/* End PBXNativeTarget section */

/* Begin PBXProject section */
		16E4A2F61A67D66900152389 /* Project object */ = {
			isa = PBXProject;
			attributes = {
				LastUpgradeCheck = 0610;
				ORGANIZATIONNAME = "Siddharth Gupta";
				TargetAttributes = {
					16E4A2FD1A67D66900152389 = {
						CreatedOnToolsVersion = 6.1.1;
						DevelopmentTeam = RV68FXHFU7;
					};
					16E4A3161A67D66900152389 = {
						CreatedOnToolsVersion = 6.1.1;
						TestTargetID = 16E4A2FD1A67D66900152389;
					};
				};
			};
			buildConfigurationList = 16E4A2F91A67D66900152389 /* Build configuration list for PBXProject "VITacademics-Glass" */;
			compatibilityVersion = "Xcode 3.2";
			developmentRegion = English;
			hasScannedForEncodings = 0;
			knownRegions = (
				en,
				Base,
			);
			mainGroup = 16E4A2F51A67D66900152389;
			productRefGroup = 16E4A2FF1A67D66900152389 /* Products */;
			projectDirPath = "";
			projectRoot = "";
			targets = (
				16E4A2FD1A67D66900152389 /* VITacademics-Glass */,
				16E4A3161A67D66900152389 /* VITacademics-GlassTests */,
			);
		};
/* End PBXProject section */

/* Begin PBXResourcesBuildPhase section */
		16E4A2FC1A67D66900152389 /* Resources */ = {
			isa = PBXResourcesBuildPhase;
			buildActionMask = 2147483647;
			files = (
				16586CF11A6EE04C002B92CA /* img7.jpg in Resources */,
				16217B211A6A949A00BB0ED0 /* TodayView.xib in Resources */,
				167203BD1A6B9C3F00A498AE /* img6.jpg in Resources */,
				425783911A6820B600885323 /* CondensedView.xib in Resources */,
				161CCDA31A6A436600527A7A /* .gitignore in Resources */,
				161CCDA51A6A436600527A7A /* LICENSE in Resources */,
				16217B191A6A8D7E00BB0ED0 /* img2.jpg in Resources */,
				421324571A6BA5CF00483BBF /* ClassViewCell.xib in Resources */,
				16217B1F1A6A92A500BB0ED0 /* img4.jpg in Resources */,
				16586CF21A6EE04C002B92CA /* img8.jpg in Resources */,
				1634D25E1A6829DA00AFAC21 /* wallpaper.jpg in Resources */,
				16E4A30D1A67D66900152389 /* Main.storyboard in Resources */,
				16217B171A6A8CFE00BB0ED0 /* img1.jpg in Resources */,
				16586CF31A6EE04C002B92CA /* img9.jpg in Resources */,
				16E4A3121A67D66900152389 /* LaunchScreen.xib in Resources */,
				42E4ACFB1A6EC81200D9572F /* Menu@2x.png in Resources */,
				425783931A6820D200885323 /* ExpandedView.xib in Resources */,
				167203BB1A6B9A5E00A498AE /* img5.png in Resources */,
				16217B1B1A6A8DA700BB0ED0 /* img3.jpg in Resources */,
				16E4A30F1A67D66900152389 /* Images.xcassets in Resources */,
			);
			runOnlyForDeploymentPostprocessing = 0;
		};
		16E4A3151A67D66900152389 /* Resources */ = {
			isa = PBXResourcesBuildPhase;
			buildActionMask = 2147483647;
			files = (
			);
			runOnlyForDeploymentPostprocessing = 0;
		};
/* End PBXResourcesBuildPhase section */

/* Begin PBXShellScriptBuildPhase section */
		A3F2500286869D6451D03DF5 /* Check Pods Manifest.lock */ = {
			isa = PBXShellScriptBuildPhase;
			buildActionMask = 2147483647;
			files = (
			);
			inputPaths = (
			);
			name = "Check Pods Manifest.lock";
			outputPaths = (
			);
			runOnlyForDeploymentPostprocessing = 0;
			shellPath = /bin/sh;
			shellScript = "diff \"${PODS_ROOT}/../Podfile.lock\" \"${PODS_ROOT}/Manifest.lock\" > /dev/null\nif [[ $? != 0 ]] ; then\n    cat << EOM\nerror: The sandbox is not in sync with the Podfile.lock. Run 'pod install' or update your CocoaPods installation.\nEOM\n    exit 1\nfi\n";
			showEnvVarsInLog = 0;
		};
		EDAB37BC300D5B2006D25268 /* Copy Pods Resources */ = {
			isa = PBXShellScriptBuildPhase;
			buildActionMask = 2147483647;
			files = (
			);
			inputPaths = (
			);
			name = "Copy Pods Resources";
			outputPaths = (
			);
			runOnlyForDeploymentPostprocessing = 0;
			shellPath = /bin/sh;
			shellScript = "\"${SRCROOT}/Pods/Target Support Files/Pods/Pods-resources.sh\"\n";
			showEnvVarsInLog = 0;
		};
/* End PBXShellScriptBuildPhase section */

/* Begin PBXSourcesBuildPhase section */
		16E4A2FA1A67D66900152389 /* Sources */ = {
			isa = PBXSourcesBuildPhase;
			buildActionMask = 2147483647;
			files = (
				425783971A682FF300885323 /* UIImage+ImageEffects.m in Sources */,
				161CCDAF1A6A436600527A7A /* VITXClient.m in Sources */,
				16617C171A6BDF86000CA406 /* LoginViewController.m in Sources */,
				4257839A1A68E93600885323 /* RoundedHexagonPercentageView.m in Sources */,
				161CCDAD1A6A436600527A7A /* User.m in Sources */,
				167203B91A6B969F00A498AE /* CCLocalMaximum.m in Sources */,
				161B755A1A693E9F0074AFD5 /* PulsingHaloLayer.m in Sources */,
				16E4A3071A67D66900152389 /* AppDelegate.m in Sources */,
				161CCDAB1A6A436600527A7A /* LoginStatus.m in Sources */,
				4213245D1A6BCC3B00483BBF /* ExpanedView.m in Sources */,
				16217B241A6A9A5100BB0ED0 /* TodayView.m in Sources */,
				161CCDB01A6A436600527A7A /* VITXManager.m in Sources */,
				161B75591A693E9F0074AFD5 /* MultiplePulsingHaloLayer.m in Sources */,
				1644E5F21A6BDB4300504ED8 /* TimeTable.m in Sources */,
				161CCDA91A6A436600527A7A /* Courses.m in Sources */,
				161CCDA61A6A436600527A7A /* Attendance.m in Sources */,
				161CCDA81A6A436600527A7A /* CBLMarks.m in Sources */,
				425783A01A69391600885323 /* GraphView.m in Sources */,
				161CCDAA1A6A436600527A7A /* LBCMarks.m in Sources */,
				16617C1B1A6BE622000CA406 /* BaseViewController.m in Sources */,
				161CCDAE1A6A436600527A7A /* README.md in Sources */,
				16E4A3041A67D66900152389 /* main.m in Sources */,
				161CCDA41A6A436600527A7A /* NSValueTransformer+FTGTransformerAdditions.m in Sources */,
				161CCDAC1A6A436600527A7A /* PBLMarksElement.m in Sources */,
				16E4A3291A67D6DE00152389 /* HomeCollectionViewController.m in Sources */,
				167203B81A6B969F00A498AE /* CCColorCube.mm in Sources */,
				161CCDA71A6A436600527A7A /* AttendanceDetails.m in Sources */,
			);
			runOnlyForDeploymentPostprocessing = 0;
		};
		16E4A3131A67D66900152389 /* Sources */ = {
			isa = PBXSourcesBuildPhase;
			buildActionMask = 2147483647;
			files = (
				16E4A31E1A67D66900152389 /* VITacademics_GlassTests.m in Sources */,
			);
			runOnlyForDeploymentPostprocessing = 0;
		};
/* End PBXSourcesBuildPhase section */

/* Begin PBXTargetDependency section */
		16E4A3191A67D66900152389 /* PBXTargetDependency */ = {
			isa = PBXTargetDependency;
			target = 16E4A2FD1A67D66900152389 /* VITacademics-Glass */;
			targetProxy = 16E4A3181A67D66900152389 /* PBXContainerItemProxy */;
		};
/* End PBXTargetDependency section */

/* Begin PBXVariantGroup section */
		16E4A30B1A67D66900152389 /* Main.storyboard */ = {
			isa = PBXVariantGroup;
			children = (
				16E4A30C1A67D66900152389 /* Base */,
			);
			name = Main.storyboard;
			sourceTree = "<group>";
		};
		16E4A3101A67D66900152389 /* LaunchScreen.xib */ = {
			isa = PBXVariantGroup;
			children = (
				16E4A3111A67D66900152389 /* Base */,
			);
			name = LaunchScreen.xib;
			sourceTree = "<group>";
		};
/* End PBXVariantGroup section */

/* Begin XCBuildConfiguration section */
		16E4A31F1A67D66900152389 /* Debug */ = {
			isa = XCBuildConfiguration;
			buildSettings = {
				ALWAYS_SEARCH_USER_PATHS = NO;
				CLANG_CXX_LANGUAGE_STANDARD = "gnu++0x";
				CLANG_CXX_LIBRARY = "libc++";
				CLANG_ENABLE_MODULES = YES;
				CLANG_ENABLE_OBJC_ARC = YES;
				CLANG_WARN_BOOL_CONVERSION = YES;
				CLANG_WARN_CONSTANT_CONVERSION = YES;
				CLANG_WARN_DIRECT_OBJC_ISA_USAGE = YES_ERROR;
				CLANG_WARN_EMPTY_BODY = YES;
				CLANG_WARN_ENUM_CONVERSION = YES;
				CLANG_WARN_INT_CONVERSION = YES;
				CLANG_WARN_OBJC_ROOT_CLASS = YES_ERROR;
				CLANG_WARN_UNREACHABLE_CODE = YES;
				CLANG_WARN__DUPLICATE_METHOD_MATCH = YES;
				"CODE_SIGN_IDENTITY[sdk=iphoneos*]" = "iPhone Developer";
				COPY_PHASE_STRIP = NO;
				ENABLE_STRICT_OBJC_MSGSEND = YES;
				GCC_C_LANGUAGE_STANDARD = gnu99;
				GCC_DYNAMIC_NO_PIC = NO;
				GCC_OPTIMIZATION_LEVEL = 0;
				GCC_PREPROCESSOR_DEFINITIONS = (
					"DEBUG=1",
					"$(inherited)",
				);
				GCC_SYMBOLS_PRIVATE_EXTERN = NO;
				GCC_WARN_64_TO_32_BIT_CONVERSION = YES;
				GCC_WARN_ABOUT_RETURN_TYPE = YES_ERROR;
				GCC_WARN_UNDECLARED_SELECTOR = YES;
				GCC_WARN_UNINITIALIZED_AUTOS = YES_AGGRESSIVE;
				GCC_WARN_UNUSED_FUNCTION = YES;
				GCC_WARN_UNUSED_VARIABLE = YES;
				IPHONEOS_DEPLOYMENT_TARGET = 8.1;
				MTL_ENABLE_DEBUG_INFO = YES;
				ONLY_ACTIVE_ARCH = YES;
				SDKROOT = iphoneos;
				TARGETED_DEVICE_FAMILY = "1,2";
			};
			name = Debug;
		};
		16E4A3201A67D66900152389 /* Release */ = {
			isa = XCBuildConfiguration;
			buildSettings = {
				ALWAYS_SEARCH_USER_PATHS = NO;
				CLANG_CXX_LANGUAGE_STANDARD = "gnu++0x";
				CLANG_CXX_LIBRARY = "libc++";
				CLANG_ENABLE_MODULES = YES;
				CLANG_ENABLE_OBJC_ARC = YES;
				CLANG_WARN_BOOL_CONVERSION = YES;
				CLANG_WARN_CONSTANT_CONVERSION = YES;
				CLANG_WARN_DIRECT_OBJC_ISA_USAGE = YES_ERROR;
				CLANG_WARN_EMPTY_BODY = YES;
				CLANG_WARN_ENUM_CONVERSION = YES;
				CLANG_WARN_INT_CONVERSION = YES;
				CLANG_WARN_OBJC_ROOT_CLASS = YES_ERROR;
				CLANG_WARN_UNREACHABLE_CODE = YES;
				CLANG_WARN__DUPLICATE_METHOD_MATCH = YES;
				"CODE_SIGN_IDENTITY[sdk=iphoneos*]" = "iPhone Developer";
				COPY_PHASE_STRIP = YES;
				ENABLE_NS_ASSERTIONS = NO;
				ENABLE_STRICT_OBJC_MSGSEND = YES;
				GCC_C_LANGUAGE_STANDARD = gnu99;
				GCC_WARN_64_TO_32_BIT_CONVERSION = YES;
				GCC_WARN_ABOUT_RETURN_TYPE = YES_ERROR;
				GCC_WARN_UNDECLARED_SELECTOR = YES;
				GCC_WARN_UNINITIALIZED_AUTOS = YES_AGGRESSIVE;
				GCC_WARN_UNUSED_FUNCTION = YES;
				GCC_WARN_UNUSED_VARIABLE = YES;
				IPHONEOS_DEPLOYMENT_TARGET = 8.1;
				MTL_ENABLE_DEBUG_INFO = NO;
				SDKROOT = iphoneos;
				TARGETED_DEVICE_FAMILY = "1,2";
				VALIDATE_PRODUCT = YES;
			};
			name = Release;
		};
		16E4A3221A67D66900152389 /* Debug */ = {
			isa = XCBuildConfiguration;
			baseConfigurationReference = 35B4FC53CC73941112528291 /* Pods.debug.xcconfig */;
			buildSettings = {
				ASSETCATALOG_COMPILER_APPICON_NAME = AppIcon;
				CODE_SIGN_IDENTITY = "iPhone Developer";
				"CODE_SIGN_IDENTITY[sdk=iphoneos*]" = "iPhone Developer";
				INFOPLIST_FILE = "VITacademics-Glass/Info.plist";
				IPHONEOS_DEPLOYMENT_TARGET = 7.0;
				LD_RUNPATH_SEARCH_PATHS = "$(inherited) @executable_path/Frameworks";
				PRODUCT_NAME = "$(TARGET_NAME)";
				PROVISIONING_PROFILE = "";
			};
			name = Debug;
		};
		16E4A3231A67D66900152389 /* Release */ = {
			isa = XCBuildConfiguration;
			baseConfigurationReference = E37A615077840976B51267B2 /* Pods.release.xcconfig */;
			buildSettings = {
				ASSETCATALOG_COMPILER_APPICON_NAME = AppIcon;
				CODE_SIGN_IDENTITY = "iPhone Developer";
				"CODE_SIGN_IDENTITY[sdk=iphoneos*]" = "iPhone Developer";
				INFOPLIST_FILE = "VITacademics-Glass/Info.plist";
				IPHONEOS_DEPLOYMENT_TARGET = 7.0;
				LD_RUNPATH_SEARCH_PATHS = "$(inherited) @executable_path/Frameworks";
				PRODUCT_NAME = "$(TARGET_NAME)";
				PROVISIONING_PROFILE = "";
			};
			name = Release;
		};
		16E4A3251A67D66900152389 /* Debug */ = {
			isa = XCBuildConfiguration;
			buildSettings = {
				BUNDLE_LOADER = "$(TEST_HOST)";
				FRAMEWORK_SEARCH_PATHS = (
					"$(SDKROOT)/Developer/Library/Frameworks",
					"$(inherited)",
				);
				GCC_PREPROCESSOR_DEFINITIONS = (
					"DEBUG=1",
					"$(inherited)",
				);
				INFOPLIST_FILE = "VITacademics-GlassTests/Info.plist";
				LD_RUNPATH_SEARCH_PATHS = "$(inherited) @executable_path/Frameworks @loader_path/Frameworks";
				PRODUCT_NAME = "$(TARGET_NAME)";
				TEST_HOST = "$(BUILT_PRODUCTS_DIR)/VITacademics-Glass.app/VITacademics-Glass";
			};
			name = Debug;
		};
		16E4A3261A67D66900152389 /* Release */ = {
			isa = XCBuildConfiguration;
			buildSettings = {
				BUNDLE_LOADER = "$(TEST_HOST)";
				FRAMEWORK_SEARCH_PATHS = (
					"$(SDKROOT)/Developer/Library/Frameworks",
					"$(inherited)",
				);
				INFOPLIST_FILE = "VITacademics-GlassTests/Info.plist";
				LD_RUNPATH_SEARCH_PATHS = "$(inherited) @executable_path/Frameworks @loader_path/Frameworks";
				PRODUCT_NAME = "$(TARGET_NAME)";
				TEST_HOST = "$(BUILT_PRODUCTS_DIR)/VITacademics-Glass.app/VITacademics-Glass";
			};
			name = Release;
		};
/* End XCBuildConfiguration section */

/* Begin XCConfigurationList section */
		16E4A2F91A67D66900152389 /* Build configuration list for PBXProject "VITacademics-Glass" */ = {
			isa = XCConfigurationList;
			buildConfigurations = (
				16E4A31F1A67D66900152389 /* Debug */,
				16E4A3201A67D66900152389 /* Release */,
			);
			defaultConfigurationIsVisible = 0;
			defaultConfigurationName = Release;
		};
		16E4A3211A67D66900152389 /* Build configuration list for PBXNativeTarget "VITacademics-Glass" */ = {
			isa = XCConfigurationList;
			buildConfigurations = (
				16E4A3221A67D66900152389 /* Debug */,
				16E4A3231A67D66900152389 /* Release */,
			);
			defaultConfigurationIsVisible = 0;
			defaultConfigurationName = Release;
		};
		16E4A3241A67D66900152389 /* Build configuration list for PBXNativeTarget "VITacademics-GlassTests" */ = {
			isa = XCConfigurationList;
			buildConfigurations = (
				16E4A3251A67D66900152389 /* Debug */,
				16E4A3261A67D66900152389 /* Release */,
			);
			defaultConfigurationIsVisible = 0;
			defaultConfigurationName = Release;
		};
/* End XCConfigurationList section */
	};
	rootObject = 16E4A2F61A67D66900152389 /* Project object */;
}
