// !$*UTF8*$!
{
	archiveVersion = 1;
	classes = {
	};
	objectVersion = 46;
	objects = {

/* Begin PBXBuildFile section */
		161CCDA31A6A436600527A7A /* .gitignore in Resources */ = {isa = PBXBuildFile; fileRef = 161CCD871A6A436600527A7A /* .gitignore */; };
		161CCDA41A6A436600527A7A /* NSValueTransformer+FTGTransformerAdditions.m in Sources */ = {isa = PBXBuildFile; fileRef = 161CCD8B1A6A436600527A7A /* NSValueTransformer+FTGTransformerAdditions.m */; };
		161CCDA51A6A436600527A7A /* LICENSE in Resources */ = {isa = PBXBuildFile; fileRef = 161CCD8C1A6A436600527A7A /* LICENSE */; };
		161CCDA61A6A436600527A7A /* Attendance.m in Sources */ = {isa = PBXBuildFile; fileRef = 161CCD8F1A6A436600527A7A /* Attendance.m */; };
		161CCDA71A6A436600527A7A /* AttendanceDetails.m in Sources */ = {isa = PBXBuildFile; fileRef = 161CCD911A6A436600527A7A /* AttendanceDetails.m */; };
		161CCDA91A6A436600527A7A /* Courses.m in Sources */ = {isa = PBXBuildFile; fileRef = 161CCD951A6A436600527A7A /* Courses.m */; };
		161CCDAB1A6A436600527A7A /* LoginStatus.m in Sources */ = {isa = PBXBuildFile; fileRef = 161CCD991A6A436600527A7A /* LoginStatus.m */; };
		161CCDAD1A6A436600527A7A /* User.m in Sources */ = {isa = PBXBuildFile; fileRef = 161CCD9D1A6A436600527A7A /* User.m */; };
		161CCDAE1A6A436600527A7A /* README.md in Sources */ = {isa = PBXBuildFile; fileRef = 161CCD9E1A6A436600527A7A /* README.md */; };
		161CCDAF1A6A436600527A7A /* VITXClient.m in Sources */ = {isa = PBXBuildFile; fileRef = 161CCDA01A6A436600527A7A /* VITXClient.m */; };
		161CCDB01A6A436600527A7A /* VITXManager.m in Sources */ = {isa = PBXBuildFile; fileRef = 161CCDA21A6A436600527A7A /* VITXManager.m */; };
		16326AE81AC7544C009C5F9E /* RDVCalendarDayCell.m in Sources */ = {isa = PBXBuildFile; fileRef = 16326AE31AC7544C009C5F9E /* RDVCalendarDayCell.m */; };
		16326AE91AC7544C009C5F9E /* RDVCalendarView.m in Sources */ = {isa = PBXBuildFile; fileRef = 16326AE51AC7544C009C5F9E /* RDVCalendarView.m */; };
		16326AEA1AC7544C009C5F9E /* RDVCalendarViewController.m in Sources */ = {isa = PBXBuildFile; fileRef = 16326AE71AC7544C009C5F9E /* RDVCalendarViewController.m */; };
		164912E11ACDE0D7000057A3 /* CGPATableViewController.m in Sources */ = {isa = PBXBuildFile; fileRef = 164912E01ACDE0D7000057A3 /* CGPATableViewController.m */; };
		165119E71B309494003464B1 /* VRGCalendarView.m in Sources */ = {isa = PBXBuildFile; fileRef = 165119DE1B309494003464B1 /* VRGCalendarView.m */; };
		165119E81B309494003464B1 /* UIView+convenience.m in Sources */ = {isa = PBXBuildFile; fileRef = 165119E01B309494003464B1 /* UIView+convenience.m */; };
		165119E91B309494003464B1 /* NSMutableArray+convenience.m in Sources */ = {isa = PBXBuildFile; fileRef = 165119E21B309494003464B1 /* NSMutableArray+convenience.m */; };
		165119EA1B309494003464B1 /* NSDate+convenience.m in Sources */ = {isa = PBXBuildFile; fileRef = 165119E41B309494003464B1 /* NSDate+convenience.m */; };
		165119EB1B309494003464B1 /* UIColor+expanded.m in Sources */ = {isa = PBXBuildFile; fileRef = 165119E61B309494003464B1 /* UIColor+expanded.m */; };
		1653CF781B3B0C080091578D /* TimingElement.m in Sources */ = {isa = PBXBuildFile; fileRef = 1653CF771B3B0C080091578D /* TimingElement.m */; };
		1658035B1A86727100FD9E2D /* TimeTableCell.xib in Resources */ = {isa = PBXBuildFile; fileRef = 1658035A1A86727100FD9E2D /* TimeTableCell.xib */; };
		16617C171A6BDF86000CA406 /* LoginViewController.m in Sources */ = {isa = PBXBuildFile; fileRef = 16617C151A6BDF86000CA406 /* LoginViewController.m */; };
		16617C1B1A6BE622000CA406 /* BaseViewController.m in Sources */ = {isa = PBXBuildFile; fileRef = 16617C1A1A6BE622000CA406 /* BaseViewController.m */; };
		1662CF3C1A7A746F00F02F81 /* TimeTableCollectionViewController.m in Sources */ = {isa = PBXBuildFile; fileRef = 1662CF3B1A7A746F00F02F81 /* TimeTableCollectionViewController.m */; };
		1662CF3E1A7A75AB00F02F81 /* TimeTableCondensedView.xib in Resources */ = {isa = PBXBuildFile; fileRef = 1662CF3D1A7A75AB00F02F81 /* TimeTableCondensedView.xib */; };
		167203B81A6B969F00A498AE /* CCColorCube.mm in Sources */ = {isa = PBXBuildFile; fileRef = 167203B51A6B969F00A498AE /* CCColorCube.mm */; };
		167203B91A6B969F00A498AE /* CCLocalMaximum.m in Sources */ = {isa = PBXBuildFile; fileRef = 167203B71A6B969F00A498AE /* CCLocalMaximum.m */; };
		1673A4BE1B3A7ED800A5BFD1 /* CampusMapViewController.m in Sources */ = {isa = PBXBuildFile; fileRef = 1673A4BD1B3A7ED800A5BFD1 /* CampusMapViewController.m */; };
		1673A4C21B3A7EF000A5BFD1 /* vitmap.jpg in Resources */ = {isa = PBXBuildFile; fileRef = 1673A4C11B3A7EF000A5BFD1 /* vitmap.jpg */; };
		16818E261B2F63D3000B049D /* Marks.m in Sources */ = {isa = PBXBuildFile; fileRef = 16818E251B2F63D3000B049D /* Marks.m */; };
		16818E2B1B2F64BC000B049D /* MarksElement.m in Sources */ = {isa = PBXBuildFile; fileRef = 16818E2A1B2F64BC000B049D /* MarksElement.m */; };
		168195061A727C3A009C236B /* ice.png in Resources */ = {isa = PBXBuildFile; fileRef = 168195051A727C3A009C236B /* ice.png */; };
		1681950A1A727D20009C236B /* b3.jpg in Resources */ = {isa = PBXBuildFile; fileRef = 168195091A727D20009C236B /* b3.jpg */; };
		1681950C1A727D65009C236B /* b2.jpg in Resources */ = {isa = PBXBuildFile; fileRef = 1681950B1A727D65009C236B /* b2.jpg */; };
		1681950E1A7284F8009C236B /* b1.jpg in Resources */ = {isa = PBXBuildFile; fileRef = 1681950D1A7284F8009C236B /* b1.jpg */; };
		168195131A728508009C236B /* b5.jpg in Resources */ = {isa = PBXBuildFile; fileRef = 168195101A728508009C236B /* b5.jpg */; };
		168195141A728508009C236B /* b6.jpg in Resources */ = {isa = PBXBuildFile; fileRef = 168195111A728508009C236B /* b6.jpg */; };
		168636D11AB719DC00E392FE /* ExpandedView.xib in Resources */ = {isa = PBXBuildFile; fileRef = 168636D01AB719DC00E392FE /* ExpandedView.xib */; };
		168636D41AB71A1000E392FE /* ExpandedView.m in Sources */ = {isa = PBXBuildFile; fileRef = 168636D31AB71A1000E392FE /* ExpandedView.m */; };
		169F087B1B356C6C003ADF4A /* StoreKit.framework in Frameworks */ = {isa = PBXBuildFile; fileRef = 169F087A1B356C6C003ADF4A /* StoreKit.framework */; };
		169F087D1B356C84003ADF4A /* GameKit.framework in Frameworks */ = {isa = PBXBuildFile; fileRef = 169F087C1B356C84003ADF4A /* GameKit.framework */; };
		16A902B31A86299000C3E65A /* TimeTableDayView.m in Sources */ = {isa = PBXBuildFile; fileRef = 16A902B21A86299000C3E65A /* TimeTableDayView.m */; };
		16C7A4C31A7158FA009D6522 /* Images-2.xcassets in Resources */ = {isa = PBXBuildFile; fileRef = 16C7A4C21A7158FA009D6522 /* Images-2.xcassets */; };
		16C98A071AC04BC000E384E7 /* 6.jpg in Resources */ = {isa = PBXBuildFile; fileRef = 16C98A021AC04BC000E384E7 /* 6.jpg */; };
		16C98A081AC04BC000E384E7 /* 5.jpg in Resources */ = {isa = PBXBuildFile; fileRef = 16C98A031AC04BC000E384E7 /* 5.jpg */; };
		16C98A091AC04BC000E384E7 /* 3.jpg in Resources */ = {isa = PBXBuildFile; fileRef = 16C98A041AC04BC000E384E7 /* 3.jpg */; };
		16C98A0A1AC04BC000E384E7 /* 2.jpg in Resources */ = {isa = PBXBuildFile; fileRef = 16C98A051AC04BC000E384E7 /* 2.jpg */; };
		16C98A0B1AC04BC000E384E7 /* 1.jpg in Resources */ = {isa = PBXBuildFile; fileRef = 16C98A061AC04BC000E384E7 /* 1.jpg */; };
		16E4A3041A67D66900152389 /* main.m in Sources */ = {isa = PBXBuildFile; fileRef = 16E4A3031A67D66900152389 /* main.m */; };
		16E4A3071A67D66900152389 /* AppDelegate.m in Sources */ = {isa = PBXBuildFile; fileRef = 16E4A3061A67D66900152389 /* AppDelegate.m */; };
		16E4A30D1A67D66900152389 /* Main.storyboard in Resources */ = {isa = PBXBuildFile; fileRef = 16E4A30B1A67D66900152389 /* Main.storyboard */; };
		16E4A3291A67D6DE00152389 /* HomeCollectionViewController.m in Sources */ = {isa = PBXBuildFile; fileRef = 16E4A3281A67D6DE00152389 /* HomeCollectionViewController.m */; };
		16E658DC1AEE711200A31091 /* CoreData.framework in Frameworks */ = {isa = PBXBuildFile; fileRef = 16D5D4B81A700AA30077499D /* CoreData.framework */; };
		16E658DD1AEE711800A31091 /* SystemConfiguration.framework in Frameworks */ = {isa = PBXBuildFile; fileRef = 16D5D4BA1A700AA80077499D /* SystemConfiguration.framework */; };
		16E658DE1AEE711E00A31091 /* libz.dylib in Frameworks */ = {isa = PBXBuildFile; fileRef = 16D5D4BC1A700AAF0077499D /* libz.dylib */; };
		16E658E01AEE712600A31091 /* libsqlite3.dylib in Frameworks */ = {isa = PBXBuildFile; fileRef = 16E658DF1AEE712600A31091 /* libsqlite3.dylib */; };
		16F4E0111B47ACB3003BEF46 /* Fabric.framework in Frameworks */ = {isa = PBXBuildFile; fileRef = 16F4E00F1B47ACB3003BEF46 /* Fabric.framework */; };
		16F4E0121B47ACB3003BEF46 /* Crashlytics.framework in Frameworks */ = {isa = PBXBuildFile; fileRef = 16F4E0101B47ACB3003BEF46 /* Crashlytics.framework */; };
		425783911A6820B600885323 /* CondensedView.xib in Resources */ = {isa = PBXBuildFile; fileRef = 425783901A6820B600885323 /* CondensedView.xib */; };
		4257839A1A68E93600885323 /* RoundedHexagonPercentageView.m in Sources */ = {isa = PBXBuildFile; fileRef = 425783991A68E93600885323 /* RoundedHexagonPercentageView.m */; };
		425783A01A69391600885323 /* GraphView.m in Sources */ = {isa = PBXBuildFile; fileRef = 4257839F1A69391600885323 /* GraphView.m */; };
		42E4ACFB1A6EC81200D9572F /* Menu@2x.png in Resources */ = {isa = PBXBuildFile; fileRef = 42E4ACFA1A6EC81200D9572F /* Menu@2x.png */; };
		42F370D01A8886C700854AE8 /* TopAttendanceView.xib in Resources */ = {isa = PBXBuildFile; fileRef = 42F370CF1A8886C700854AE8 /* TopAttendanceView.xib */; };
		CEC71B31D098745E1442027B /* libPods.a in Frameworks */ = {isa = PBXBuildFile; fileRef = DA9E6B1DB054274C90B053C6 /* libPods.a */; };
/* End PBXBuildFile section */

/* Begin PBXContainerItemProxy section */
		16D5D53C1A700CC60077499D /* PBXContainerItemProxy */ = {
			isa = PBXContainerItemProxy;
			containerPortal = 16D5D5071A700CC50077499D /* CuteAnimals.xcodeproj */;
			proxyType = 2;
			remoteGlobalIDString = 113B6EE3153E1F0B003CAC38;
			remoteInfo = CuteAnimals;
		};
		16D5D53F1A700CC60077499D /* PBXContainerItemProxy */ = {
			isa = PBXContainerItemProxy;
			containerPortal = 16D5D4CB1A700CC50077499D /* CuteAnimals.xcodeproj */;
			proxyType = 2;
			remoteGlobalIDString = 113B6EE3153E1F0B003CAC38;
			remoteInfo = CuteAnimals;
		};
/* End PBXContainerItemProxy section */

/* Begin PBXFileReference section */
		161CCD871A6A436600527A7A /* .gitignore */ = {isa = PBXFileReference; fileEncoding = 4; lastKnownFileType = text; path = .gitignore; sourceTree = "<group>"; };
		161CCD891A6A436600527A7A /* FTGValueTransformer.h */ = {isa = PBXFileReference; fileEncoding = 4; lastKnownFileType = sourcecode.c.h; path = FTGValueTransformer.h; sourceTree = "<group>"; };
		161CCD8A1A6A436600527A7A /* NSValueTransformer+FTGTransformerAdditions.h */ = {isa = PBXFileReference; fileEncoding = 4; lastKnownFileType = sourcecode.c.h; path = "NSValueTransformer+FTGTransformerAdditions.h"; sourceTree = "<group>"; };
		161CCD8B1A6A436600527A7A /* NSValueTransformer+FTGTransformerAdditions.m */ = {isa = PBXFileReference; fileEncoding = 4; lastKnownFileType = sourcecode.c.objc; path = "NSValueTransformer+FTGTransformerAdditions.m"; sourceTree = "<group>"; };
		161CCD8C1A6A436600527A7A /* LICENSE */ = {isa = PBXFileReference; fileEncoding = 4; lastKnownFileType = text; path = LICENSE; sourceTree = "<group>"; };
		161CCD8E1A6A436600527A7A /* Attendance.h */ = {isa = PBXFileReference; fileEncoding = 4; lastKnownFileType = sourcecode.c.h; path = Attendance.h; sourceTree = "<group>"; };
		161CCD8F1A6A436600527A7A /* Attendance.m */ = {isa = PBXFileReference; fileEncoding = 4; lastKnownFileType = sourcecode.c.objc; path = Attendance.m; sourceTree = "<group>"; };
		161CCD901A6A436600527A7A /* AttendanceDetails.h */ = {isa = PBXFileReference; fileEncoding = 4; lastKnownFileType = sourcecode.c.h; path = AttendanceDetails.h; sourceTree = "<group>"; };
		161CCD911A6A436600527A7A /* AttendanceDetails.m */ = {isa = PBXFileReference; fileEncoding = 4; lastKnownFileType = sourcecode.c.objc; path = AttendanceDetails.m; sourceTree = "<group>"; };
		161CCD941A6A436600527A7A /* Courses.h */ = {isa = PBXFileReference; fileEncoding = 4; lastKnownFileType = sourcecode.c.h; path = Courses.h; sourceTree = "<group>"; };
		161CCD951A6A436600527A7A /* Courses.m */ = {isa = PBXFileReference; fileEncoding = 4; lastKnownFileType = sourcecode.c.objc; path = Courses.m; sourceTree = "<group>"; };
		161CCD981A6A436600527A7A /* LoginStatus.h */ = {isa = PBXFileReference; fileEncoding = 4; lastKnownFileType = sourcecode.c.h; path = LoginStatus.h; sourceTree = "<group>"; };
		161CCD991A6A436600527A7A /* LoginStatus.m */ = {isa = PBXFileReference; fileEncoding = 4; lastKnownFileType = sourcecode.c.objc; path = LoginStatus.m; sourceTree = "<group>"; };
		161CCD9C1A6A436600527A7A /* User.h */ = {isa = PBXFileReference; fileEncoding = 4; lastKnownFileType = sourcecode.c.h; path = User.h; sourceTree = "<group>"; };
		161CCD9D1A6A436600527A7A /* User.m */ = {isa = PBXFileReference; fileEncoding = 4; lastKnownFileType = sourcecode.c.objc; path = User.m; sourceTree = "<group>"; };
		161CCD9E1A6A436600527A7A /* README.md */ = {isa = PBXFileReference; fileEncoding = 4; lastKnownFileType = net.daringfireball.markdown; path = README.md; sourceTree = "<group>"; };
		161CCD9F1A6A436600527A7A /* VITXClient.h */ = {isa = PBXFileReference; fileEncoding = 4; lastKnownFileType = sourcecode.c.h; path = VITXClient.h; sourceTree = "<group>"; };
		161CCDA01A6A436600527A7A /* VITXClient.m */ = {isa = PBXFileReference; fileEncoding = 4; lastKnownFileType = sourcecode.c.objc; path = VITXClient.m; sourceTree = "<group>"; };
		161CCDA11A6A436600527A7A /* VITXManager.h */ = {isa = PBXFileReference; fileEncoding = 4; lastKnownFileType = sourcecode.c.h; path = VITXManager.h; sourceTree = "<group>"; };
		161CCDA21A6A436600527A7A /* VITXManager.m */ = {isa = PBXFileReference; fileEncoding = 4; lastKnownFileType = sourcecode.c.objc; path = VITXManager.m; sourceTree = "<group>"; };
		16326AE21AC7544C009C5F9E /* RDVCalendarDayCell.h */ = {isa = PBXFileReference; fileEncoding = 4; lastKnownFileType = sourcecode.c.h; path = RDVCalendarDayCell.h; sourceTree = "<group>"; };
		16326AE31AC7544C009C5F9E /* RDVCalendarDayCell.m */ = {isa = PBXFileReference; fileEncoding = 4; lastKnownFileType = sourcecode.c.objc; path = RDVCalendarDayCell.m; sourceTree = "<group>"; };
		16326AE41AC7544C009C5F9E /* RDVCalendarView.h */ = {isa = PBXFileReference; fileEncoding = 4; lastKnownFileType = sourcecode.c.h; path = RDVCalendarView.h; sourceTree = "<group>"; };
		16326AE51AC7544C009C5F9E /* RDVCalendarView.m */ = {isa = PBXFileReference; fileEncoding = 4; lastKnownFileType = sourcecode.c.objc; path = RDVCalendarView.m; sourceTree = "<group>"; };
		16326AE61AC7544C009C5F9E /* RDVCalendarViewController.h */ = {isa = PBXFileReference; fileEncoding = 4; lastKnownFileType = sourcecode.c.h; path = RDVCalendarViewController.h; sourceTree = "<group>"; };
		16326AE71AC7544C009C5F9E /* RDVCalendarViewController.m */ = {isa = PBXFileReference; fileEncoding = 4; lastKnownFileType = sourcecode.c.objc; path = RDVCalendarViewController.m; sourceTree = "<group>"; };
		164912DF1ACDE0D7000057A3 /* CGPATableViewController.h */ = {isa = PBXFileReference; fileEncoding = 4; lastKnownFileType = sourcecode.c.h; path = CGPATableViewController.h; sourceTree = "<group>"; };
		164912E01ACDE0D7000057A3 /* CGPATableViewController.m */ = {isa = PBXFileReference; fileEncoding = 4; lastKnownFileType = sourcecode.c.objc; path = CGPATableViewController.m; sourceTree = "<group>"; };
		165119DD1B309494003464B1 /* VRGCalendarView.h */ = {isa = PBXFileReference; fileEncoding = 4; lastKnownFileType = sourcecode.c.h; path = VRGCalendarView.h; sourceTree = "<group>"; };
		165119DE1B309494003464B1 /* VRGCalendarView.m */ = {isa = PBXFileReference; fileEncoding = 4; lastKnownFileType = sourcecode.c.objc; path = VRGCalendarView.m; sourceTree = "<group>"; };
		165119DF1B309494003464B1 /* UIView+convenience.h */ = {isa = PBXFileReference; fileEncoding = 4; lastKnownFileType = sourcecode.c.h; path = "UIView+convenience.h"; sourceTree = "<group>"; };
		165119E01B309494003464B1 /* UIView+convenience.m */ = {isa = PBXFileReference; fileEncoding = 4; lastKnownFileType = sourcecode.c.objc; path = "UIView+convenience.m"; sourceTree = "<group>"; };
		165119E11B309494003464B1 /* NSMutableArray+convenience.h */ = {isa = PBXFileReference; fileEncoding = 4; lastKnownFileType = sourcecode.c.h; path = "NSMutableArray+convenience.h"; sourceTree = "<group>"; };
		165119E21B309494003464B1 /* NSMutableArray+convenience.m */ = {isa = PBXFileReference; fileEncoding = 4; lastKnownFileType = sourcecode.c.objc; path = "NSMutableArray+convenience.m"; sourceTree = "<group>"; };
		165119E31B309494003464B1 /* NSDate+convenience.h */ = {isa = PBXFileReference; fileEncoding = 4; lastKnownFileType = sourcecode.c.h; path = "NSDate+convenience.h"; sourceTree = "<group>"; };
		165119E41B309494003464B1 /* NSDate+convenience.m */ = {isa = PBXFileReference; fileEncoding = 4; lastKnownFileType = sourcecode.c.objc; path = "NSDate+convenience.m"; sourceTree = "<group>"; };
		165119E51B309494003464B1 /* UIColor+expanded.h */ = {isa = PBXFileReference; fileEncoding = 4; lastKnownFileType = sourcecode.c.h; path = "UIColor+expanded.h"; sourceTree = "<group>"; };
		165119E61B309494003464B1 /* UIColor+expanded.m */ = {isa = PBXFileReference; fileEncoding = 4; lastKnownFileType = sourcecode.c.objc; path = "UIColor+expanded.m"; sourceTree = "<group>"; };
		1653CF761B3B0C080091578D /* TimingElement.h */ = {isa = PBXFileReference; fileEncoding = 4; lastKnownFileType = sourcecode.c.h; path = TimingElement.h; sourceTree = "<group>"; };
		1653CF771B3B0C080091578D /* TimingElement.m */ = {isa = PBXFileReference; fileEncoding = 4; lastKnownFileType = sourcecode.c.objc; path = TimingElement.m; sourceTree = "<group>"; };
		1658035A1A86727100FD9E2D /* TimeTableCell.xib */ = {isa = PBXFileReference; fileEncoding = 4; lastKnownFileType = file.xib; path = TimeTableCell.xib; sourceTree = "<group>"; };
		16617C141A6BDF86000CA406 /* LoginViewController.h */ = {isa = PBXFileReference; fileEncoding = 4; lastKnownFileType = sourcecode.c.h; path = LoginViewController.h; sourceTree = "<group>"; };
		16617C151A6BDF86000CA406 /* LoginViewController.m */ = {isa = PBXFileReference; fileEncoding = 4; lastKnownFileType = sourcecode.c.objc; path = LoginViewController.m; sourceTree = "<group>"; };
		16617C191A6BE622000CA406 /* BaseViewController.h */ = {isa = PBXFileReference; fileEncoding = 4; lastKnownFileType = sourcecode.c.h; path = BaseViewController.h; sourceTree = "<group>"; };
		16617C1A1A6BE622000CA406 /* BaseViewController.m */ = {isa = PBXFileReference; fileEncoding = 4; lastKnownFileType = sourcecode.c.objc; path = BaseViewController.m; sourceTree = "<group>"; };
		1662CF3A1A7A746F00F02F81 /* TimeTableCollectionViewController.h */ = {isa = PBXFileReference; fileEncoding = 4; lastKnownFileType = sourcecode.c.h; path = TimeTableCollectionViewController.h; sourceTree = "<group>"; };
		1662CF3B1A7A746F00F02F81 /* TimeTableCollectionViewController.m */ = {isa = PBXFileReference; fileEncoding = 4; lastKnownFileType = sourcecode.c.objc; path = TimeTableCollectionViewController.m; sourceTree = "<group>"; };
		1662CF3D1A7A75AB00F02F81 /* TimeTableCondensedView.xib */ = {isa = PBXFileReference; fileEncoding = 4; lastKnownFileType = file.xib; path = TimeTableCondensedView.xib; sourceTree = "<group>"; };
		167203B41A6B969F00A498AE /* CCColorCube.h */ = {isa = PBXFileReference; fileEncoding = 4; lastKnownFileType = sourcecode.c.h; path = CCColorCube.h; sourceTree = "<group>"; };
		167203B51A6B969F00A498AE /* CCColorCube.mm */ = {isa = PBXFileReference; fileEncoding = 4; lastKnownFileType = sourcecode.cpp.objcpp; path = CCColorCube.mm; sourceTree = "<group>"; };
		167203B61A6B969F00A498AE /* CCLocalMaximum.h */ = {isa = PBXFileReference; fileEncoding = 4; lastKnownFileType = sourcecode.c.h; path = CCLocalMaximum.h; sourceTree = "<group>"; };
		167203B71A6B969F00A498AE /* CCLocalMaximum.m */ = {isa = PBXFileReference; fileEncoding = 4; lastKnownFileType = sourcecode.c.objc; path = CCLocalMaximum.m; sourceTree = "<group>"; };
		1673A4BC1B3A7ED800A5BFD1 /* CampusMapViewController.h */ = {isa = PBXFileReference; fileEncoding = 4; lastKnownFileType = sourcecode.c.h; path = CampusMapViewController.h; sourceTree = "<group>"; };
		1673A4BD1B3A7ED800A5BFD1 /* CampusMapViewController.m */ = {isa = PBXFileReference; fileEncoding = 4; lastKnownFileType = sourcecode.c.objc; path = CampusMapViewController.m; sourceTree = "<group>"; };
		1673A4C11B3A7EF000A5BFD1 /* vitmap.jpg */ = {isa = PBXFileReference; lastKnownFileType = image.jpeg; path = vitmap.jpg; sourceTree = "<group>"; };
		16818E241B2F63D3000B049D /* Marks.h */ = {isa = PBXFileReference; fileEncoding = 4; lastKnownFileType = sourcecode.c.h; path = Marks.h; sourceTree = "<group>"; };
		16818E251B2F63D3000B049D /* Marks.m */ = {isa = PBXFileReference; fileEncoding = 4; lastKnownFileType = sourcecode.c.objc; path = Marks.m; sourceTree = "<group>"; };
		16818E291B2F64BC000B049D /* MarksElement.h */ = {isa = PBXFileReference; fileEncoding = 4; lastKnownFileType = sourcecode.c.h; path = MarksElement.h; sourceTree = "<group>"; };
		16818E2A1B2F64BC000B049D /* MarksElement.m */ = {isa = PBXFileReference; fileEncoding = 4; lastKnownFileType = sourcecode.c.objc; path = MarksElement.m; sourceTree = "<group>"; };
		168195051A727C3A009C236B /* ice.png */ = {isa = PBXFileReference; lastKnownFileType = image.png; path = ice.png; sourceTree = "<group>"; };
		168195091A727D20009C236B /* b3.jpg */ = {isa = PBXFileReference; lastKnownFileType = image.jpeg; path = b3.jpg; sourceTree = "<group>"; };
		1681950B1A727D65009C236B /* b2.jpg */ = {isa = PBXFileReference; lastKnownFileType = image.jpeg; path = b2.jpg; sourceTree = "<group>"; };
		1681950D1A7284F8009C236B /* b1.jpg */ = {isa = PBXFileReference; lastKnownFileType = image.jpeg; path = b1.jpg; sourceTree = "<group>"; };
		168195101A728508009C236B /* b5.jpg */ = {isa = PBXFileReference; lastKnownFileType = image.jpeg; path = b5.jpg; sourceTree = "<group>"; };
		168195111A728508009C236B /* b6.jpg */ = {isa = PBXFileReference; lastKnownFileType = image.jpeg; path = b6.jpg; sourceTree = "<group>"; };
		168636D01AB719DC00E392FE /* ExpandedView.xib */ = {isa = PBXFileReference; fileEncoding = 4; lastKnownFileType = file.xib; path = ExpandedView.xib; sourceTree = "<group>"; };
		168636D21AB71A1000E392FE /* ExpandedView.h */ = {isa = PBXFileReference; fileEncoding = 4; lastKnownFileType = sourcecode.c.h; path = ExpandedView.h; sourceTree = "<group>"; };
		168636D31AB71A1000E392FE /* ExpandedView.m */ = {isa = PBXFileReference; fileEncoding = 4; lastKnownFileType = sourcecode.c.objc; path = ExpandedView.m; sourceTree = "<group>"; };
		169F087A1B356C6C003ADF4A /* StoreKit.framework */ = {isa = PBXFileReference; lastKnownFileType = wrapper.framework; name = StoreKit.framework; path = System/Library/Frameworks/StoreKit.framework; sourceTree = SDKROOT; };
		169F087C1B356C84003ADF4A /* GameKit.framework */ = {isa = PBXFileReference; lastKnownFileType = wrapper.framework; name = GameKit.framework; path = System/Library/Frameworks/GameKit.framework; sourceTree = SDKROOT; };
		16A902B11A86299000C3E65A /* TimeTableDayView.h */ = {isa = PBXFileReference; fileEncoding = 4; lastKnownFileType = sourcecode.c.h; path = TimeTableDayView.h; sourceTree = "<group>"; };
		16A902B21A86299000C3E65A /* TimeTableDayView.m */ = {isa = PBXFileReference; fileEncoding = 4; lastKnownFileType = sourcecode.c.objc; path = TimeTableDayView.m; sourceTree = "<group>"; };
		16C7A4C21A7158FA009D6522 /* Images-2.xcassets */ = {isa = PBXFileReference; lastKnownFileType = folder.assetcatalog; path = "Images-2.xcassets"; sourceTree = "<group>"; };
		16C98A021AC04BC000E384E7 /* 6.jpg */ = {isa = PBXFileReference; lastKnownFileType = image.jpeg; path = 6.jpg; sourceTree = "<group>"; };
		16C98A031AC04BC000E384E7 /* 5.jpg */ = {isa = PBXFileReference; lastKnownFileType = image.jpeg; path = 5.jpg; sourceTree = "<group>"; };
		16C98A041AC04BC000E384E7 /* 3.jpg */ = {isa = PBXFileReference; lastKnownFileType = image.jpeg; path = 3.jpg; sourceTree = "<group>"; };
		16C98A051AC04BC000E384E7 /* 2.jpg */ = {isa = PBXFileReference; lastKnownFileType = image.jpeg; path = 2.jpg; sourceTree = "<group>"; };
		16C98A061AC04BC000E384E7 /* 1.jpg */ = {isa = PBXFileReference; lastKnownFileType = image.jpeg; path = 1.jpg; sourceTree = "<group>"; };
		16D5D4B81A700AA30077499D /* CoreData.framework */ = {isa = PBXFileReference; lastKnownFileType = wrapper.framework; name = CoreData.framework; path = System/Library/Frameworks/CoreData.framework; sourceTree = SDKROOT; };
		16D5D4BA1A700AA80077499D /* SystemConfiguration.framework */ = {isa = PBXFileReference; lastKnownFileType = wrapper.framework; name = SystemConfiguration.framework; path = System/Library/Frameworks/SystemConfiguration.framework; sourceTree = SDKROOT; };
		16D5D4BC1A700AAF0077499D /* libz.dylib */ = {isa = PBXFileReference; lastKnownFileType = "compiled.mach-o.dylib"; name = libz.dylib; path = usr/lib/libz.dylib; sourceTree = SDKROOT; };
		16D5D4C01A700CC50077499D /* Changelog.txt */ = {isa = PBXFileReference; lastKnownFileType = text; path = Changelog.txt; sourceTree = "<group>"; };
		16D5D4C31A700CC50077499D /* AppDelegate.h */ = {isa = PBXFileReference; lastKnownFileType = sourcecode.c.h; path = AppDelegate.h; sourceTree = "<group>"; };
		16D5D4C41A700CC50077499D /* AppDelegate.m */ = {isa = PBXFileReference; lastKnownFileType = sourcecode.c.objc; path = AppDelegate.m; sourceTree = "<group>"; };
		16D5D4C51A700CC50077499D /* CategoryViewController.h */ = {isa = PBXFileReference; lastKnownFileType = sourcecode.c.h; path = CategoryViewController.h; sourceTree = "<group>"; };
		16D5D4C61A700CC50077499D /* CategoryViewController.m */ = {isa = PBXFileReference; lastKnownFileType = sourcecode.c.objc; path = CategoryViewController.m; sourceTree = "<group>"; };
		16D5D4C71A700CC50077499D /* CategoryViewController_iPad.xib */ = {isa = PBXFileReference; lastKnownFileType = file.xib; path = CategoryViewController_iPad.xib; sourceTree = "<group>"; };
		16D5D4C81A700CC50077499D /* CategoryViewController_iPhone.xib */ = {isa = PBXFileReference; lastKnownFileType = file.xib; path = CategoryViewController_iPhone.xib; sourceTree = "<group>"; };
		16D5D4C91A700CC50077499D /* CuteAnimals-Info.plist */ = {isa = PBXFileReference; lastKnownFileType = text.plist.xml; path = "CuteAnimals-Info.plist"; sourceTree = "<group>"; };
		16D5D4CA1A700CC50077499D /* CuteAnimals-Prefix.pch */ = {isa = PBXFileReference; lastKnownFileType = sourcecode.c.h; path = "CuteAnimals-Prefix.pch"; sourceTree = "<group>"; };
		16D5D4CB1A700CC50077499D /* CuteAnimals.xcodeproj */ = {isa = PBXFileReference; lastKnownFileType = "wrapper.pb-project"; path = CuteAnimals.xcodeproj; sourceTree = "<group>"; };
		16D5D4CF1A700CC50077499D /* Bunny-1.jpg */ = {isa = PBXFileReference; lastKnownFileType = image.jpeg; path = "Bunny-1.jpg"; sourceTree = "<group>"; };
		16D5D4D01A700CC50077499D /* Bunny-2.jpg */ = {isa = PBXFileReference; lastKnownFileType = image.jpeg; path = "Bunny-2.jpg"; sourceTree = "<group>"; };
		16D5D4D11A700CC50077499D /* Bunny-3.jpg */ = {isa = PBXFileReference; lastKnownFileType = image.jpeg; path = "Bunny-3.jpg"; sourceTree = "<group>"; };
		16D5D4D21A700CC50077499D /* Cat-1.jpg */ = {isa = PBXFileReference; lastKnownFileType = image.jpeg; path = "Cat-1.jpg"; sourceTree = "<group>"; };
		16D5D4D31A700CC50077499D /* Cat-2.jpg */ = {isa = PBXFileReference; lastKnownFileType = image.jpeg; path = "Cat-2.jpg"; sourceTree = "<group>"; };
		16D5D4D41A700CC50077499D /* Cat-3.jpg */ = {isa = PBXFileReference; lastKnownFileType = image.jpeg; path = "Cat-3.jpg"; sourceTree = "<group>"; };
		16D5D4D51A700CC50077499D /* Cat-4.jpg */ = {isa = PBXFileReference; lastKnownFileType = image.jpeg; path = "Cat-4.jpg"; sourceTree = "<group>"; };
		16D5D4D61A700CC50077499D /* Lion-1.jpg */ = {isa = PBXFileReference; lastKnownFileType = image.jpeg; path = "Lion-1.jpg"; sourceTree = "<group>"; };
		16D5D4D71A700CC50077499D /* Lion-2.jpg */ = {isa = PBXFileReference; lastKnownFileType = image.jpeg; path = "Lion-2.jpg"; sourceTree = "<group>"; };
		16D5D4D81A700CC50077499D /* Lion-3.jpg */ = {isa = PBXFileReference; lastKnownFileType = image.jpeg; path = "Lion-3.jpg"; sourceTree = "<group>"; };
		16D5D4D91A700CC50077499D /* Lion-4.jpg */ = {isa = PBXFileReference; lastKnownFileType = image.jpeg; path = "Lion-4.jpg"; sourceTree = "<group>"; };
		16D5D4DA1A700CC50077499D /* Monkey-1.jpg */ = {isa = PBXFileReference; lastKnownFileType = image.jpeg; path = "Monkey-1.jpg"; sourceTree = "<group>"; };
		16D5D4DB1A700CC50077499D /* Monkey-2.jpg */ = {isa = PBXFileReference; lastKnownFileType = image.jpeg; path = "Monkey-2.jpg"; sourceTree = "<group>"; };
		16D5D4DC1A700CC50077499D /* Monkey-3.jpg */ = {isa = PBXFileReference; lastKnownFileType = image.jpeg; path = "Monkey-3.jpg"; sourceTree = "<group>"; };
		16D5D4DD1A700CC50077499D /* Monkey-4.jpg */ = {isa = PBXFileReference; lastKnownFileType = image.jpeg; path = "Monkey-4.jpg"; sourceTree = "<group>"; };
		16D5D4DE1A700CC50077499D /* Monkey-5.jpg */ = {isa = PBXFileReference; lastKnownFileType = image.jpeg; path = "Monkey-5.jpg"; sourceTree = "<group>"; };
		16D5D4DF1A700CC50077499D /* Tiger-1.jpg */ = {isa = PBXFileReference; lastKnownFileType = image.jpeg; path = "Tiger-1.jpg"; sourceTree = "<group>"; };
		16D5D4E01A700CC50077499D /* Tiger-2.jpg */ = {isa = PBXFileReference; lastKnownFileType = image.jpeg; path = "Tiger-2.jpg"; sourceTree = "<group>"; };
		16D5D4E11A700CC50077499D /* ImageViewController.h */ = {isa = PBXFileReference; lastKnownFileType = sourcecode.c.h; path = ImageViewController.h; sourceTree = "<group>"; };
		16D5D4E21A700CC50077499D /* ImageViewController.m */ = {isa = PBXFileReference; lastKnownFileType = sourcecode.c.objc; path = ImageViewController.m; sourceTree = "<group>"; };
		16D5D4E31A700CC50077499D /* main.m */ = {isa = PBXFileReference; lastKnownFileType = sourcecode.c.objc; path = main.m; sourceTree = "<group>"; };
		16D5D4E41A700CC50077499D /* NavController.h */ = {isa = PBXFileReference; lastKnownFileType = sourcecode.c.h; path = NavController.h; sourceTree = "<group>"; };
		16D5D4E51A700CC50077499D /* NavController.m */ = {isa = PBXFileReference; lastKnownFileType = sourcecode.c.objc; path = NavController.m; sourceTree = "<group>"; };
		16D5D4E61A700CC50077499D /* Readme.txt */ = {isa = PBXFileReference; lastKnownFileType = text; path = Readme.txt; sourceTree = "<group>"; };
		16D5D4E71A700CC50077499D /* RootViewController.h */ = {isa = PBXFileReference; lastKnownFileType = sourcecode.c.h; path = RootViewController.h; sourceTree = "<group>"; };
		16D5D4E81A700CC50077499D /* RootViewController.m */ = {isa = PBXFileReference; lastKnownFileType = sourcecode.c.objc; path = RootViewController.m; sourceTree = "<group>"; };
		16D5D4E91A700CC50077499D /* RootViewController.xib */ = {isa = PBXFileReference; lastKnownFileType = file.xib; path = RootViewController.xib; sourceTree = "<group>"; };
		16D5D4EA1A700CC50077499D /* Settings.bundle */ = {isa = PBXFileReference; lastKnownFileType = "wrapper.plug-in"; path = Settings.bundle; sourceTree = "<group>"; };
		16D5D4EC1A700CC50077499D /* GAI.h */ = {isa = PBXFileReference; lastKnownFileType = sourcecode.c.h; path = GAI.h; sourceTree = "<group>"; };
		16D5D4ED1A700CC50077499D /* GAIDictionaryBuilder.h */ = {isa = PBXFileReference; lastKnownFileType = sourcecode.c.h; path = GAIDictionaryBuilder.h; sourceTree = "<group>"; };
		16D5D4EE1A700CC50077499D /* GAIEcommerceFields.h */ = {isa = PBXFileReference; lastKnownFileType = sourcecode.c.h; path = GAIEcommerceFields.h; sourceTree = "<group>"; };
		16D5D4EF1A700CC50077499D /* GAIEcommerceProduct.h */ = {isa = PBXFileReference; lastKnownFileType = sourcecode.c.h; path = GAIEcommerceProduct.h; sourceTree = "<group>"; };
		16D5D4F01A700CC50077499D /* GAIEcommerceProductAction.h */ = {isa = PBXFileReference; lastKnownFileType = sourcecode.c.h; path = GAIEcommerceProductAction.h; sourceTree = "<group>"; };
		16D5D4F11A700CC50077499D /* GAIEcommercePromotion.h */ = {isa = PBXFileReference; lastKnownFileType = sourcecode.c.h; path = GAIEcommercePromotion.h; sourceTree = "<group>"; };
		16D5D4F21A700CC50077499D /* GAIFields.h */ = {isa = PBXFileReference; lastKnownFileType = sourcecode.c.h; path = GAIFields.h; sourceTree = "<group>"; };
		16D5D4F31A700CC50077499D /* GAILogger.h */ = {isa = PBXFileReference; lastKnownFileType = sourcecode.c.h; path = GAILogger.h; sourceTree = "<group>"; };
		16D5D4F41A700CC50077499D /* GAITrackedViewController.h */ = {isa = PBXFileReference; lastKnownFileType = sourcecode.c.h; path = GAITrackedViewController.h; sourceTree = "<group>"; };
		16D5D4F51A700CC50077499D /* GAITracker.h */ = {isa = PBXFileReference; lastKnownFileType = sourcecode.c.h; path = GAITracker.h; sourceTree = "<group>"; };
		16D5D4F61A700CC50077499D /* Readme.txt */ = {isa = PBXFileReference; lastKnownFileType = text; path = Readme.txt; sourceTree = "<group>"; };
		16D5D4F81A700CC50077499D /* Changelog.txt */ = {isa = PBXFileReference; lastKnownFileType = text; path = Changelog.txt; sourceTree = "<group>"; };
		16D5D4FB1A700CC50077499D /* AppDelegate.h */ = {isa = PBXFileReference; lastKnownFileType = sourcecode.c.h; path = AppDelegate.h; sourceTree = "<group>"; };
		16D5D4FC1A700CC50077499D /* AppDelegate.m */ = {isa = PBXFileReference; lastKnownFileType = sourcecode.c.objc; path = AppDelegate.m; sourceTree = "<group>"; };
		16D5D4FD1A700CC50077499D /* CategoryViewController.h */ = {isa = PBXFileReference; lastKnownFileType = sourcecode.c.h; path = CategoryViewController.h; sourceTree = "<group>"; };
		16D5D4FE1A700CC50077499D /* CategoryViewController.m */ = {isa = PBXFileReference; lastKnownFileType = sourcecode.c.objc; path = CategoryViewController.m; sourceTree = "<group>"; };
		16D5D4FF1A700CC50077499D /* CategoryViewController_iPad.xib */ = {isa = PBXFileReference; lastKnownFileType = file.xib; path = CategoryViewController_iPad.xib; sourceTree = "<group>"; };
		16D5D5001A700CC50077499D /* CategoryViewController_iPhone.xib */ = {isa = PBXFileReference; lastKnownFileType = file.xib; path = CategoryViewController_iPhone.xib; sourceTree = "<group>"; };
		16D5D5011A700CC50077499D /* CustomMacroHandler.h */ = {isa = PBXFileReference; lastKnownFileType = sourcecode.c.h; path = CustomMacroHandler.h; sourceTree = "<group>"; };
		16D5D5021A700CC50077499D /* CustomMacroHandler.m */ = {isa = PBXFileReference; lastKnownFileType = sourcecode.c.objc; path = CustomMacroHandler.m; sourceTree = "<group>"; };
		16D5D5031A700CC50077499D /* CustomTagHandler.h */ = {isa = PBXFileReference; lastKnownFileType = sourcecode.c.h; path = CustomTagHandler.h; sourceTree = "<group>"; };
		16D5D5041A700CC50077499D /* CustomTagHandler.m */ = {isa = PBXFileReference; lastKnownFileType = sourcecode.c.objc; path = CustomTagHandler.m; sourceTree = "<group>"; };
		16D5D5051A700CC50077499D /* CuteAnimals-Info.plist */ = {isa = PBXFileReference; lastKnownFileType = text.plist.xml; path = "CuteAnimals-Info.plist"; sourceTree = "<group>"; };
		16D5D5061A700CC50077499D /* CuteAnimals-Prefix.pch */ = {isa = PBXFileReference; lastKnownFileType = sourcecode.c.h; path = "CuteAnimals-Prefix.pch"; sourceTree = "<group>"; };
		16D5D5071A700CC50077499D /* CuteAnimals.xcodeproj */ = {isa = PBXFileReference; lastKnownFileType = "wrapper.pb-project"; path = CuteAnimals.xcodeproj; sourceTree = "<group>"; };
		16D5D50A1A700CC50077499D /* GTM-XXXX */ = {isa = PBXFileReference; lastKnownFileType = text; path = "GTM-XXXX"; sourceTree = "<group>"; };
		16D5D50B1A700CC50077499D /* GTM-XXXX.plist */ = {isa = PBXFileReference; lastKnownFileType = text.plist.xml; path = "GTM-XXXX.plist"; sourceTree = "<group>"; };
		16D5D50D1A700CC50077499D /* Bunny-1.jpg */ = {isa = PBXFileReference; lastKnownFileType = image.jpeg; path = "Bunny-1.jpg"; sourceTree = "<group>"; };
		16D5D50E1A700CC50077499D /* Bunny-2.jpg */ = {isa = PBXFileReference; lastKnownFileType = image.jpeg; path = "Bunny-2.jpg"; sourceTree = "<group>"; };
		16D5D50F1A700CC50077499D /* Bunny-3.jpg */ = {isa = PBXFileReference; lastKnownFileType = image.jpeg; path = "Bunny-3.jpg"; sourceTree = "<group>"; };
		16D5D5101A700CC50077499D /* Cat-1.jpg */ = {isa = PBXFileReference; lastKnownFileType = image.jpeg; path = "Cat-1.jpg"; sourceTree = "<group>"; };
		16D5D5111A700CC50077499D /* Cat-2.jpg */ = {isa = PBXFileReference; lastKnownFileType = image.jpeg; path = "Cat-2.jpg"; sourceTree = "<group>"; };
		16D5D5121A700CC50077499D /* Cat-3.jpg */ = {isa = PBXFileReference; lastKnownFileType = image.jpeg; path = "Cat-3.jpg"; sourceTree = "<group>"; };
		16D5D5131A700CC50077499D /* Cat-4.jpg */ = {isa = PBXFileReference; lastKnownFileType = image.jpeg; path = "Cat-4.jpg"; sourceTree = "<group>"; };
		16D5D5141A700CC50077499D /* Container.png */ = {isa = PBXFileReference; lastKnownFileType = image.png; path = Container.png; sourceTree = "<group>"; };
		16D5D5151A700CC50077499D /* CustomTag.png */ = {isa = PBXFileReference; lastKnownFileType = image.png; path = CustomTag.png; sourceTree = "<group>"; };
		16D5D5161A700CC50077499D /* Lion-1.jpg */ = {isa = PBXFileReference; lastKnownFileType = image.jpeg; path = "Lion-1.jpg"; sourceTree = "<group>"; };
		16D5D5171A700CC50077499D /* Lion-2.jpg */ = {isa = PBXFileReference; lastKnownFileType = image.jpeg; path = "Lion-2.jpg"; sourceTree = "<group>"; };
		16D5D5181A700CC50077499D /* Lion-3.jpg */ = {isa = PBXFileReference; lastKnownFileType = image.jpeg; path = "Lion-3.jpg"; sourceTree = "<group>"; };
		16D5D5191A700CC50077499D /* Lion-4.jpg */ = {isa = PBXFileReference; lastKnownFileType = image.jpeg; path = "Lion-4.jpg"; sourceTree = "<group>"; };
		16D5D51A1A700CC50077499D /* Monkey-1.jpg */ = {isa = PBXFileReference; lastKnownFileType = image.jpeg; path = "Monkey-1.jpg"; sourceTree = "<group>"; };
		16D5D51B1A700CC50077499D /* Monkey-2.jpg */ = {isa = PBXFileReference; lastKnownFileType = image.jpeg; path = "Monkey-2.jpg"; sourceTree = "<group>"; };
		16D5D51C1A700CC50077499D /* Monkey-3.jpg */ = {isa = PBXFileReference; lastKnownFileType = image.jpeg; path = "Monkey-3.jpg"; sourceTree = "<group>"; };
		16D5D51D1A700CC50077499D /* Monkey-4.jpg */ = {isa = PBXFileReference; lastKnownFileType = image.jpeg; path = "Monkey-4.jpg"; sourceTree = "<group>"; };
		16D5D51E1A700CC50077499D /* Monkey-5.jpg */ = {isa = PBXFileReference; lastKnownFileType = image.jpeg; path = "Monkey-5.jpg"; sourceTree = "<group>"; };
		16D5D51F1A700CC50077499D /* NumRefreshesMod5.png */ = {isa = PBXFileReference; lastKnownFileType = image.png; path = NumRefreshesMod5.png; sourceTree = "<group>"; };
		16D5D5201A700CC50077499D /* RefreshEvent.png */ = {isa = PBXFileReference; lastKnownFileType = image.png; path = RefreshEvent.png; sourceTree = "<group>"; };
		16D5D5211A700CC50077499D /* RefreshEventTag.png */ = {isa = PBXFileReference; lastKnownFileType = image.png; path = RefreshEventTag.png; sourceTree = "<group>"; };
		16D5D5221A700CC50077499D /* ScreenClosedTag.png */ = {isa = PBXFileReference; lastKnownFileType = image.png; path = ScreenClosedTag.png; sourceTree = "<group>"; };
		16D5D5231A700CC50077499D /* ScreenOpenTag.png */ = {isa = PBXFileReference; lastKnownFileType = image.png; path = ScreenOpenTag.png; sourceTree = "<group>"; };
		16D5D5241A700CC50077499D /* Tiger-1.jpg */ = {isa = PBXFileReference; lastKnownFileType = image.jpeg; path = "Tiger-1.jpg"; sourceTree = "<group>"; };
		16D5D5251A700CC50077499D /* Tiger-2.jpg */ = {isa = PBXFileReference; lastKnownFileType = image.jpeg; path = "Tiger-2.jpg"; sourceTree = "<group>"; };
		16D5D5261A700CC50077499D /* ImageViewController.h */ = {isa = PBXFileReference; lastKnownFileType = sourcecode.c.h; path = ImageViewController.h; sourceTree = "<group>"; };
		16D5D5271A700CC50077499D /* ImageViewController.m */ = {isa = PBXFileReference; lastKnownFileType = sourcecode.c.objc; path = ImageViewController.m; sourceTree = "<group>"; };
		16D5D5281A700CC50077499D /* main.m */ = {isa = PBXFileReference; lastKnownFileType = sourcecode.c.objc; path = main.m; sourceTree = "<group>"; };
		16D5D5291A700CC50077499D /* NavController.h */ = {isa = PBXFileReference; lastKnownFileType = sourcecode.c.h; path = NavController.h; sourceTree = "<group>"; };
		16D5D52A1A700CC50077499D /* NavController.m */ = {isa = PBXFileReference; lastKnownFileType = sourcecode.c.objc; path = NavController.m; sourceTree = "<group>"; };
		16D5D52B1A700CC50077499D /* README */ = {isa = PBXFileReference; lastKnownFileType = text; path = README; sourceTree = "<group>"; };
		16D5D52C1A700CC50077499D /* RootViewController.h */ = {isa = PBXFileReference; lastKnownFileType = sourcecode.c.h; path = RootViewController.h; sourceTree = "<group>"; };
		16D5D52D1A700CC50077499D /* RootViewController.m */ = {isa = PBXFileReference; lastKnownFileType = sourcecode.c.objc; path = RootViewController.m; sourceTree = "<group>"; };
		16D5D52E1A700CC50077499D /* RootViewController.xib */ = {isa = PBXFileReference; lastKnownFileType = file.xib; path = RootViewController.xib; sourceTree = "<group>"; };
		16D5D52F1A700CC50077499D /* Utils.h */ = {isa = PBXFileReference; lastKnownFileType = sourcecode.c.h; path = Utils.h; sourceTree = "<group>"; };
		16D5D5301A700CC50077499D /* Utils.m */ = {isa = PBXFileReference; lastKnownFileType = sourcecode.c.objc; path = Utils.m; sourceTree = "<group>"; };
		16D5D5321A700CC50077499D /* TAGContainer.h */ = {isa = PBXFileReference; lastKnownFileType = sourcecode.c.h; path = TAGContainer.h; sourceTree = "<group>"; };
		16D5D5331A700CC50077499D /* TAGContainerOpener.h */ = {isa = PBXFileReference; lastKnownFileType = sourcecode.c.h; path = TAGContainerOpener.h; sourceTree = "<group>"; };
		16D5D5341A700CC50077499D /* TAGDataLayer.h */ = {isa = PBXFileReference; lastKnownFileType = sourcecode.c.h; path = TAGDataLayer.h; sourceTree = "<group>"; };
		16D5D5351A700CC50077499D /* TAGLogger.h */ = {isa = PBXFileReference; lastKnownFileType = sourcecode.c.h; path = TAGLogger.h; sourceTree = "<group>"; };
		16D5D5361A700CC50077499D /* TAGManager.h */ = {isa = PBXFileReference; lastKnownFileType = sourcecode.c.h; path = TAGManager.h; sourceTree = "<group>"; };
		16D5D5371A700CC50077499D /* Readme.txt */ = {isa = PBXFileReference; lastKnownFileType = text; path = Readme.txt; sourceTree = "<group>"; };
		16D5D5381A700CC50077499D /* libAdIdAccess.a */ = {isa = PBXFileReference; lastKnownFileType = archive.ar; path = libAdIdAccess.a; sourceTree = "<group>"; };
		16D5D5391A700CC50077499D /* libGoogleAnalyticsServices.a */ = {isa = PBXFileReference; lastKnownFileType = archive.ar; path = libGoogleAnalyticsServices.a; sourceTree = "<group>"; };
		16D5D53A1A700CC50077499D /* Readme.txt */ = {isa = PBXFileReference; lastKnownFileType = text; path = Readme.txt; sourceTree = "<group>"; };
		16E4A2FE1A67D66900152389 /* VITacademics.app */ = {isa = PBXFileReference; explicitFileType = wrapper.application; includeInIndex = 0; path = VITacademics.app; sourceTree = BUILT_PRODUCTS_DIR; };
		16E4A3021A67D66900152389 /* Info.plist */ = {isa = PBXFileReference; lastKnownFileType = text.plist.xml; path = Info.plist; sourceTree = "<group>"; };
		16E4A3031A67D66900152389 /* main.m */ = {isa = PBXFileReference; lastKnownFileType = sourcecode.c.objc; path = main.m; sourceTree = "<group>"; };
		16E4A3051A67D66900152389 /* AppDelegate.h */ = {isa = PBXFileReference; lastKnownFileType = sourcecode.c.h; path = AppDelegate.h; sourceTree = "<group>"; };
		16E4A3061A67D66900152389 /* AppDelegate.m */ = {isa = PBXFileReference; lastKnownFileType = sourcecode.c.objc; path = AppDelegate.m; sourceTree = "<group>"; };
		16E4A30C1A67D66900152389 /* Base */ = {isa = PBXFileReference; lastKnownFileType = file.storyboard; name = Base; path = Base.lproj/Main.storyboard; sourceTree = "<group>"; };
		16E4A31C1A67D66900152389 /* Info.plist */ = {isa = PBXFileReference; lastKnownFileType = text.plist.xml; path = Info.plist; sourceTree = "<group>"; };
		16E4A31D1A67D66900152389 /* VITacademics_GlassTests.m */ = {isa = PBXFileReference; lastKnownFileType = sourcecode.c.objc; path = VITacademics_GlassTests.m; sourceTree = "<group>"; };
		16E4A3271A67D6DE00152389 /* HomeCollectionViewController.h */ = {isa = PBXFileReference; fileEncoding = 4; lastKnownFileType = sourcecode.c.h; path = HomeCollectionViewController.h; sourceTree = "<group>"; };
		16E4A3281A67D6DE00152389 /* HomeCollectionViewController.m */ = {isa = PBXFileReference; fileEncoding = 4; lastKnownFileType = sourcecode.c.objc; path = HomeCollectionViewController.m; sourceTree = "<group>"; };
		16E658DF1AEE712600A31091 /* libsqlite3.dylib */ = {isa = PBXFileReference; lastKnownFileType = "compiled.mach-o.dylib"; name = libsqlite3.dylib; path = usr/lib/libsqlite3.dylib; sourceTree = SDKROOT; };
		16E89DA31A700E3100F592BD /* AdSupport.framework */ = {isa = PBXFileReference; lastKnownFileType = wrapper.framework; name = AdSupport.framework; path = System/Library/Frameworks/AdSupport.framework; sourceTree = SDKROOT; };
		16F4E00F1B47ACB3003BEF46 /* Fabric.framework */ = {isa = PBXFileReference; lastKnownFileType = wrapper.framework; path = Fabric.framework; sourceTree = SOURCE_ROOT; };
		16F4E0101B47ACB3003BEF46 /* Crashlytics.framework */ = {isa = PBXFileReference; lastKnownFileType = wrapper.framework; path = Crashlytics.framework; sourceTree = SOURCE_ROOT; };
		35B4FC53CC73941112528291 /* Pods.debug.xcconfig */ = {isa = PBXFileReference; includeInIndex = 1; lastKnownFileType = text.xcconfig; name = Pods.debug.xcconfig; path = "Pods/Target Support Files/Pods/Pods.debug.xcconfig"; sourceTree = "<group>"; };
		425783901A6820B600885323 /* CondensedView.xib */ = {isa = PBXFileReference; fileEncoding = 4; lastKnownFileType = file.xib; path = CondensedView.xib; sourceTree = "<group>"; };
		425783981A68E93600885323 /* RoundedHexagonPercentageView.h */ = {isa = PBXFileReference; fileEncoding = 4; lastKnownFileType = sourcecode.c.h; path = RoundedHexagonPercentageView.h; sourceTree = "<group>"; };
		425783991A68E93600885323 /* RoundedHexagonPercentageView.m */ = {isa = PBXFileReference; fileEncoding = 4; lastKnownFileType = sourcecode.c.objc; path = RoundedHexagonPercentageView.m; sourceTree = "<group>"; };
		4257839E1A69391600885323 /* GraphView.h */ = {isa = PBXFileReference; fileEncoding = 4; lastKnownFileType = sourcecode.c.h; path = GraphView.h; sourceTree = "<group>"; };
		4257839F1A69391600885323 /* GraphView.m */ = {isa = PBXFileReference; fileEncoding = 4; lastKnownFileType = sourcecode.c.objc; path = GraphView.m; sourceTree = "<group>"; };
		42E4ACFA1A6EC81200D9572F /* Menu@2x.png */ = {isa = PBXFileReference; lastKnownFileType = image.png; path = "Menu@2x.png"; sourceTree = "<group>"; };
		42F370CF1A8886C700854AE8 /* TopAttendanceView.xib */ = {isa = PBXFileReference; fileEncoding = 4; lastKnownFileType = file.xib; path = TopAttendanceView.xib; sourceTree = "<group>"; };
		DA9E6B1DB054274C90B053C6 /* libPods.a */ = {isa = PBXFileReference; explicitFileType = archive.ar; includeInIndex = 0; path = libPods.a; sourceTree = BUILT_PRODUCTS_DIR; };
		E37A615077840976B51267B2 /* Pods.release.xcconfig */ = {isa = PBXFileReference; includeInIndex = 1; lastKnownFileType = text.xcconfig; name = Pods.release.xcconfig; path = "Pods/Target Support Files/Pods/Pods.release.xcconfig"; sourceTree = "<group>"; };
/* End PBXFileReference section */

/* Begin PBXFrameworksBuildPhase section */
		16E4A2FB1A67D66900152389 /* Frameworks */ = {
			isa = PBXFrameworksBuildPhase;
			buildActionMask = 2147483647;
			files = (
				16E658E01AEE712600A31091 /* libsqlite3.dylib in Frameworks */,
				16F4E0121B47ACB3003BEF46 /* Crashlytics.framework in Frameworks */,
				16E658DE1AEE711E00A31091 /* libz.dylib in Frameworks */,
				169F087D1B356C84003ADF4A /* GameKit.framework in Frameworks */,
				16F4E0111B47ACB3003BEF46 /* Fabric.framework in Frameworks */,
				16E658DD1AEE711800A31091 /* SystemConfiguration.framework in Frameworks */,
				169F087B1B356C6C003ADF4A /* StoreKit.framework in Frameworks */,
				16E658DC1AEE711200A31091 /* CoreData.framework in Frameworks */,
				CEC71B31D098745E1442027B /* libPods.a in Frameworks */,
			);
			runOnlyForDeploymentPostprocessing = 0;
		};
/* End PBXFrameworksBuildPhase section */

/* Begin PBXGroup section */
		161CCD861A6A436600527A7A /* VITacademics-iOS-SDK */ = {
			isa = PBXGroup;
			children = (
				161CCD871A6A436600527A7A /* .gitignore */,
				161CCD881A6A436600527A7A /* FTGValueTransformer */,
				161CCD8C1A6A436600527A7A /* LICENSE */,
				161CCD8D1A6A436600527A7A /* Model */,
				161CCD9E1A6A436600527A7A /* README.md */,
				161CCD9F1A6A436600527A7A /* VITXClient.h */,
				161CCDA01A6A436600527A7A /* VITXClient.m */,
				161CCDA11A6A436600527A7A /* VITXManager.h */,
				161CCDA21A6A436600527A7A /* VITXManager.m */,
			);
			path = "VITacademics-iOS-SDK";
			sourceTree = "<group>";
		};
		161CCD881A6A436600527A7A /* FTGValueTransformer */ = {
			isa = PBXGroup;
			children = (
				161CCD891A6A436600527A7A /* FTGValueTransformer.h */,
				161CCD8A1A6A436600527A7A /* NSValueTransformer+FTGTransformerAdditions.h */,
				161CCD8B1A6A436600527A7A /* NSValueTransformer+FTGTransformerAdditions.m */,
			);
			path = FTGValueTransformer;
			sourceTree = "<group>";
		};
		161CCD8D1A6A436600527A7A /* Model */ = {
			isa = PBXGroup;
			children = (
				161CCD8E1A6A436600527A7A /* Attendance.h */,
				161CCD8F1A6A436600527A7A /* Attendance.m */,
				161CCD901A6A436600527A7A /* AttendanceDetails.h */,
				161CCD911A6A436600527A7A /* AttendanceDetails.m */,
				161CCD941A6A436600527A7A /* Courses.h */,
				161CCD951A6A436600527A7A /* Courses.m */,
				16818E241B2F63D3000B049D /* Marks.h */,
				16818E251B2F63D3000B049D /* Marks.m */,
				16818E291B2F64BC000B049D /* MarksElement.h */,
				16818E2A1B2F64BC000B049D /* MarksElement.m */,
				161CCD981A6A436600527A7A /* LoginStatus.h */,
				161CCD991A6A436600527A7A /* LoginStatus.m */,
				161CCD9C1A6A436600527A7A /* User.h */,
				161CCD9D1A6A436600527A7A /* User.m */,
				1653CF761B3B0C080091578D /* TimingElement.h */,
				1653CF771B3B0C080091578D /* TimingElement.m */,
			);
			path = Model;
			sourceTree = "<group>";
		};
		16326AE11AC7544C009C5F9E /* RDVCalendarView */ = {
			isa = PBXGroup;
			children = (
				16326AE21AC7544C009C5F9E /* RDVCalendarDayCell.h */,
				16326AE31AC7544C009C5F9E /* RDVCalendarDayCell.m */,
				16326AE41AC7544C009C5F9E /* RDVCalendarView.h */,
				16326AE51AC7544C009C5F9E /* RDVCalendarView.m */,
				16326AE61AC7544C009C5F9E /* RDVCalendarViewController.h */,
				16326AE71AC7544C009C5F9E /* RDVCalendarViewController.m */,
			);
			path = RDVCalendarView;
			sourceTree = "<group>";
		};
		1644E5F31A6BDB6300504ED8 /* Images */ = {
			isa = PBXGroup;
			children = (
				16C98A021AC04BC000E384E7 /* 6.jpg */,
				16C98A031AC04BC000E384E7 /* 5.jpg */,
				16C98A041AC04BC000E384E7 /* 3.jpg */,
				16C98A051AC04BC000E384E7 /* 2.jpg */,
				16C98A061AC04BC000E384E7 /* 1.jpg */,
				1681950D1A7284F8009C236B /* b1.jpg */,
				1681950B1A727D65009C236B /* b2.jpg */,
				168195091A727D20009C236B /* b3.jpg */,
				168195101A728508009C236B /* b5.jpg */,
				168195111A728508009C236B /* b6.jpg */,
				168195051A727C3A009C236B /* ice.png */,
				42E4ACFA1A6EC81200D9572F /* Menu@2x.png */,
			);
			name = Images;
			sourceTree = "<group>";
		};
		165119EE1B30949B003464B1 /* CalendarView */ = {
			isa = PBXGroup;
			children = (
				165119DD1B309494003464B1 /* VRGCalendarView.h */,
				165119DE1B309494003464B1 /* VRGCalendarView.m */,
				165119DF1B309494003464B1 /* UIView+convenience.h */,
				165119E01B309494003464B1 /* UIView+convenience.m */,
				165119E11B309494003464B1 /* NSMutableArray+convenience.h */,
				165119E21B309494003464B1 /* NSMutableArray+convenience.m */,
				165119E31B309494003464B1 /* NSDate+convenience.h */,
				165119E41B309494003464B1 /* NSDate+convenience.m */,
				165119E51B309494003464B1 /* UIColor+expanded.h */,
				165119E61B309494003464B1 /* UIColor+expanded.m */,
			);
			name = CalendarView;
			sourceTree = "<group>";
		};
		1653CF721B3B09540091578D /* Base View Controllers */ = {
			isa = PBXGroup;
			children = (
				1662CF3A1A7A746F00F02F81 /* TimeTableCollectionViewController.h */,
				1662CF3B1A7A746F00F02F81 /* TimeTableCollectionViewController.m */,
				16E4A3271A67D6DE00152389 /* HomeCollectionViewController.h */,
				16E4A3281A67D6DE00152389 /* HomeCollectionViewController.m */,
				16E4A3051A67D66900152389 /* AppDelegate.h */,
				16E4A3061A67D66900152389 /* AppDelegate.m */,
				16617C191A6BE622000CA406 /* BaseViewController.h */,
				16617C1A1A6BE622000CA406 /* BaseViewController.m */,
			);
			name = "Base View Controllers";
			sourceTree = "<group>";
		};
		1653CF751B3B095E0091578D /* Aux View Controllers */ = {
			isa = PBXGroup;
			children = (
				1673A4BC1B3A7ED800A5BFD1 /* CampusMapViewController.h */,
				1673A4BD1B3A7ED800A5BFD1 /* CampusMapViewController.m */,
				164912DF1ACDE0D7000057A3 /* CGPATableViewController.h */,
				164912E01ACDE0D7000057A3 /* CGPATableViewController.m */,
				16617C141A6BDF86000CA406 /* LoginViewController.h */,
				16617C151A6BDF86000CA406 /* LoginViewController.m */,
			);
			name = "Aux View Controllers";
			sourceTree = "<group>";
		};
		167203B31A6B969F00A498AE /* ColorCube */ = {
			isa = PBXGroup;
			children = (
				167203B41A6B969F00A498AE /* CCColorCube.h */,
				167203B51A6B969F00A498AE /* CCColorCube.mm */,
				167203B61A6B969F00A498AE /* CCLocalMaximum.h */,
				167203B71A6B969F00A498AE /* CCLocalMaximum.m */,
			);
			path = ColorCube;
			sourceTree = "<group>";
		};
		16D5D4BE1A700CC50077499D /* GoogleAnalyticsServicesiOS_3.10 */ = {
			isa = PBXGroup;
			children = (
				16D5D4BF1A700CC50077499D /* GoogleAnalytics */,
				16D5D4F71A700CC50077499D /* GoogleTagManager */,
				16D5D5381A700CC50077499D /* libAdIdAccess.a */,
				16D5D5391A700CC50077499D /* libGoogleAnalyticsServices.a */,
				16D5D53A1A700CC50077499D /* Readme.txt */,
			);
			name = GoogleAnalyticsServicesiOS_3.10;
			path = ../../Downloads/GoogleAnalyticsServicesiOS_3.10;
			sourceTree = "<group>";
		};
		16D5D4BF1A700CC50077499D /* GoogleAnalytics */ = {
			isa = PBXGroup;
			children = (
				16D5D4C01A700CC50077499D /* Changelog.txt */,
				16D5D4C11A700CC50077499D /* Examples */,
				16D5D4EB1A700CC50077499D /* Library */,
				16D5D4F61A700CC50077499D /* Readme.txt */,
			);
			path = GoogleAnalytics;
			sourceTree = "<group>";
		};
		16D5D4C11A700CC50077499D /* Examples */ = {
			isa = PBXGroup;
			children = (
				16D5D4C21A700CC50077499D /* CuteAnimals */,
			);
			path = Examples;
			sourceTree = "<group>";
		};
		16D5D4C21A700CC50077499D /* CuteAnimals */ = {
			isa = PBXGroup;
			children = (
				16D5D4C31A700CC50077499D /* AppDelegate.h */,
				16D5D4C41A700CC50077499D /* AppDelegate.m */,
				16D5D4C51A700CC50077499D /* CategoryViewController.h */,
				16D5D4C61A700CC50077499D /* CategoryViewController.m */,
				16D5D4C71A700CC50077499D /* CategoryViewController_iPad.xib */,
				16D5D4C81A700CC50077499D /* CategoryViewController_iPhone.xib */,
				16D5D4C91A700CC50077499D /* CuteAnimals-Info.plist */,
				16D5D4CA1A700CC50077499D /* CuteAnimals-Prefix.pch */,
				16D5D4CB1A700CC50077499D /* CuteAnimals.xcodeproj */,
				16D5D4CE1A700CC50077499D /* Images */,
				16D5D4E11A700CC50077499D /* ImageViewController.h */,
				16D5D4E21A700CC50077499D /* ImageViewController.m */,
				16D5D4E31A700CC50077499D /* main.m */,
				16D5D4E41A700CC50077499D /* NavController.h */,
				16D5D4E51A700CC50077499D /* NavController.m */,
				16D5D4E61A700CC50077499D /* Readme.txt */,
				16D5D4E71A700CC50077499D /* RootViewController.h */,
				16D5D4E81A700CC50077499D /* RootViewController.m */,
				16D5D4E91A700CC50077499D /* RootViewController.xib */,
				16D5D4EA1A700CC50077499D /* Settings.bundle */,
			);
			path = CuteAnimals;
			sourceTree = "<group>";
		};
		16D5D4CC1A700CC50077499D /* Products */ = {
			isa = PBXGroup;
			children = (
				16D5D5401A700CC60077499D /* CuteAnimals.app */,
			);
			name = Products;
			sourceTree = "<group>";
		};
		16D5D4CE1A700CC50077499D /* Images */ = {
			isa = PBXGroup;
			children = (
				16D5D4CF1A700CC50077499D /* Bunny-1.jpg */,
				16D5D4D01A700CC50077499D /* Bunny-2.jpg */,
				16D5D4D11A700CC50077499D /* Bunny-3.jpg */,
				16D5D4D21A700CC50077499D /* Cat-1.jpg */,
				16D5D4D31A700CC50077499D /* Cat-2.jpg */,
				16D5D4D41A700CC50077499D /* Cat-3.jpg */,
				16D5D4D51A700CC50077499D /* Cat-4.jpg */,
				16D5D4D61A700CC50077499D /* Lion-1.jpg */,
				16D5D4D71A700CC50077499D /* Lion-2.jpg */,
				16D5D4D81A700CC50077499D /* Lion-3.jpg */,
				16D5D4D91A700CC50077499D /* Lion-4.jpg */,
				16D5D4DA1A700CC50077499D /* Monkey-1.jpg */,
				16D5D4DB1A700CC50077499D /* Monkey-2.jpg */,
				16D5D4DC1A700CC50077499D /* Monkey-3.jpg */,
				16D5D4DD1A700CC50077499D /* Monkey-4.jpg */,
				16D5D4DE1A700CC50077499D /* Monkey-5.jpg */,
				16D5D4DF1A700CC50077499D /* Tiger-1.jpg */,
				16D5D4E01A700CC50077499D /* Tiger-2.jpg */,
			);
			path = Images;
			sourceTree = "<group>";
		};
		16D5D4EB1A700CC50077499D /* Library */ = {
			isa = PBXGroup;
			children = (
				16D5D4EC1A700CC50077499D /* GAI.h */,
				16D5D4ED1A700CC50077499D /* GAIDictionaryBuilder.h */,
				16D5D4EE1A700CC50077499D /* GAIEcommerceFields.h */,
				16D5D4EF1A700CC50077499D /* GAIEcommerceProduct.h */,
				16D5D4F01A700CC50077499D /* GAIEcommerceProductAction.h */,
				16D5D4F11A700CC50077499D /* GAIEcommercePromotion.h */,
				16D5D4F21A700CC50077499D /* GAIFields.h */,
				16D5D4F31A700CC50077499D /* GAILogger.h */,
				16D5D4F41A700CC50077499D /* GAITrackedViewController.h */,
				16D5D4F51A700CC50077499D /* GAITracker.h */,
			);
			path = Library;
			sourceTree = "<group>";
		};
		16D5D4F71A700CC50077499D /* GoogleTagManager */ = {
			isa = PBXGroup;
			children = (
				16D5D4F81A700CC50077499D /* Changelog.txt */,
				16D5D4F91A700CC50077499D /* Examples */,
				16D5D5311A700CC50077499D /* Library */,
				16D5D5371A700CC50077499D /* Readme.txt */,
			);
			path = GoogleTagManager;
			sourceTree = "<group>";
		};
		16D5D4F91A700CC50077499D /* Examples */ = {
			isa = PBXGroup;
			children = (
				16D5D4FA1A700CC50077499D /* CuteAnimals */,
			);
			path = Examples;
			sourceTree = "<group>";
		};
		16D5D4FA1A700CC50077499D /* CuteAnimals */ = {
			isa = PBXGroup;
			children = (
				16D5D4FB1A700CC50077499D /* AppDelegate.h */,
				16D5D4FC1A700CC50077499D /* AppDelegate.m */,
				16D5D4FD1A700CC50077499D /* CategoryViewController.h */,
				16D5D4FE1A700CC50077499D /* CategoryViewController.m */,
				16D5D4FF1A700CC50077499D /* CategoryViewController_iPad.xib */,
				16D5D5001A700CC50077499D /* CategoryViewController_iPhone.xib */,
				16D5D5011A700CC50077499D /* CustomMacroHandler.h */,
				16D5D5021A700CC50077499D /* CustomMacroHandler.m */,
				16D5D5031A700CC50077499D /* CustomTagHandler.h */,
				16D5D5041A700CC50077499D /* CustomTagHandler.m */,
				16D5D5051A700CC50077499D /* CuteAnimals-Info.plist */,
				16D5D5061A700CC50077499D /* CuteAnimals-Prefix.pch */,
				16D5D5071A700CC50077499D /* CuteAnimals.xcodeproj */,
				16D5D50A1A700CC50077499D /* GTM-XXXX */,
				16D5D50B1A700CC50077499D /* GTM-XXXX.plist */,
				16D5D50C1A700CC50077499D /* Images */,
				16D5D5261A700CC50077499D /* ImageViewController.h */,
				16D5D5271A700CC50077499D /* ImageViewController.m */,
				16D5D5281A700CC50077499D /* main.m */,
				16D5D5291A700CC50077499D /* NavController.h */,
				16D5D52A1A700CC50077499D /* NavController.m */,
				16D5D52B1A700CC50077499D /* README */,
				16D5D52C1A700CC50077499D /* RootViewController.h */,
				16D5D52D1A700CC50077499D /* RootViewController.m */,
				16D5D52E1A700CC50077499D /* RootViewController.xib */,
				16D5D52F1A700CC50077499D /* Utils.h */,
				16D5D5301A700CC50077499D /* Utils.m */,
			);
			path = CuteAnimals;
			sourceTree = "<group>";
		};
		16D5D5081A700CC50077499D /* Products */ = {
			isa = PBXGroup;
			children = (
				16D5D53D1A700CC60077499D /* CuteAnimals.app */,
			);
			name = Products;
			sourceTree = "<group>";
		};
		16D5D50C1A700CC50077499D /* Images */ = {
			isa = PBXGroup;
			children = (
				16D5D50D1A700CC50077499D /* Bunny-1.jpg */,
				16D5D50E1A700CC50077499D /* Bunny-2.jpg */,
				16D5D50F1A700CC50077499D /* Bunny-3.jpg */,
				16D5D5101A700CC50077499D /* Cat-1.jpg */,
				16D5D5111A700CC50077499D /* Cat-2.jpg */,
				16D5D5121A700CC50077499D /* Cat-3.jpg */,
				16D5D5131A700CC50077499D /* Cat-4.jpg */,
				16D5D5141A700CC50077499D /* Container.png */,
				16D5D5151A700CC50077499D /* CustomTag.png */,
				16D5D5161A700CC50077499D /* Lion-1.jpg */,
				16D5D5171A700CC50077499D /* Lion-2.jpg */,
				16D5D5181A700CC50077499D /* Lion-3.jpg */,
				16D5D5191A700CC50077499D /* Lion-4.jpg */,
				16D5D51A1A700CC50077499D /* Monkey-1.jpg */,
				16D5D51B1A700CC50077499D /* Monkey-2.jpg */,
				16D5D51C1A700CC50077499D /* Monkey-3.jpg */,
				16D5D51D1A700CC50077499D /* Monkey-4.jpg */,
				16D5D51E1A700CC50077499D /* Monkey-5.jpg */,
				16D5D51F1A700CC50077499D /* NumRefreshesMod5.png */,
				16D5D5201A700CC50077499D /* RefreshEvent.png */,
				16D5D5211A700CC50077499D /* RefreshEventTag.png */,
				16D5D5221A700CC50077499D /* ScreenClosedTag.png */,
				16D5D5231A700CC50077499D /* ScreenOpenTag.png */,
				16D5D5241A700CC50077499D /* Tiger-1.jpg */,
				16D5D5251A700CC50077499D /* Tiger-2.jpg */,
			);
			path = Images;
			sourceTree = "<group>";
		};
		16D5D5311A700CC50077499D /* Library */ = {
			isa = PBXGroup;
			children = (
				16D5D5321A700CC50077499D /* TAGContainer.h */,
				16D5D5331A700CC50077499D /* TAGContainerOpener.h */,
				16D5D5341A700CC50077499D /* TAGDataLayer.h */,
				16D5D5351A700CC50077499D /* TAGLogger.h */,
				16D5D5361A700CC50077499D /* TAGManager.h */,
			);
			path = Library;
			sourceTree = "<group>";
		};
		16E4A2F51A67D66900152389 = {
			isa = PBXGroup;
			children = (
				16E4A3001A67D66900152389 /* VITacademics-Glass */,
				16E4A31A1A67D66900152389 /* VITacademics-GlassTests */,
				16E4A2FF1A67D66900152389 /* Products */,
				57AD456BB52A0FFAD0EF6E67 /* Pods */,
				4086F0218CDD1A78F18C13A2 /* Frameworks */,
			);
			sourceTree = "<group>";
		};
		16E4A2FF1A67D66900152389 /* Products */ = {
			isa = PBXGroup;
			children = (
				16E4A2FE1A67D66900152389 /* VITacademics.app */,
			);
			name = Products;
			sourceTree = "<group>";
		};
		16E4A3001A67D66900152389 /* VITacademics-Glass */ = {
			isa = PBXGroup;
			children = (
				1653CF721B3B09540091578D /* Base View Controllers */,
				16E4A30B1A67D66900152389 /* Main.storyboard */,
				1653CF751B3B095E0091578D /* Aux View Controllers */,
				425783941A6820DB00885323 /* View XIB Files */,
				161CCD861A6A436600527A7A /* VITacademics-iOS-SDK */,
				16C7A4C21A7158FA009D6522 /* Images-2.xcassets */,
				16E4A3011A67D66900152389 /* Supporting Files */,
			);
			path = "VITacademics-Glass";
			sourceTree = "<group>";
		};
		16E4A3011A67D66900152389 /* Supporting Files */ = {
			isa = PBXGroup;
			children = (
				16F4E0131B47ACBF003BEF46 /* Crashlytics */,
				1673A4C11B3A7EF000A5BFD1 /* vitmap.jpg */,
				165119EE1B30949B003464B1 /* CalendarView */,
				16326AE11AC7544C009C5F9E /* RDVCalendarView */,
				1644E5F31A6BDB6300504ED8 /* Images */,
				167203B31A6B969F00A498AE /* ColorCube */,
				16E4A3021A67D66900152389 /* Info.plist */,
				16E4A3031A67D66900152389 /* main.m */,
			);
			name = "Supporting Files";
			sourceTree = "<group>";
		};
		16E4A31A1A67D66900152389 /* VITacademics-GlassTests */ = {
			isa = PBXGroup;
			children = (
				16E4A31D1A67D66900152389 /* VITacademics_GlassTests.m */,
				16E4A31B1A67D66900152389 /* Supporting Files */,
			);
			path = "VITacademics-GlassTests";
			sourceTree = "<group>";
		};
		16E4A31B1A67D66900152389 /* Supporting Files */ = {
			isa = PBXGroup;
			children = (
				16E4A31C1A67D66900152389 /* Info.plist */,
			);
			name = "Supporting Files";
			sourceTree = "<group>";
		};
		16F4E0131B47ACBF003BEF46 /* Crashlytics */ = {
			isa = PBXGroup;
			children = (
				16F4E00F1B47ACB3003BEF46 /* Fabric.framework */,
				16F4E0101B47ACB3003BEF46 /* Crashlytics.framework */,
			);
			name = Crashlytics;
			sourceTree = "<group>";
		};
		4086F0218CDD1A78F18C13A2 /* Frameworks */ = {
			isa = PBXGroup;
			children = (
				169F087C1B356C84003ADF4A /* GameKit.framework */,
				169F087A1B356C6C003ADF4A /* StoreKit.framework */,
				16E658DF1AEE712600A31091 /* libsqlite3.dylib */,
				16E89DA31A700E3100F592BD /* AdSupport.framework */,
				16D5D4BE1A700CC50077499D /* GoogleAnalyticsServicesiOS_3.10 */,
				16D5D4BC1A700AAF0077499D /* libz.dylib */,
				16D5D4BA1A700AA80077499D /* SystemConfiguration.framework */,
				16D5D4B81A700AA30077499D /* CoreData.framework */,
				DA9E6B1DB054274C90B053C6 /* libPods.a */,
			);
			name = Frameworks;
			sourceTree = "<group>";
		};
		425783941A6820DB00885323 /* View XIB Files */ = {
			isa = PBXGroup;
			children = (
				1662CF3D1A7A75AB00F02F81 /* TimeTableCondensedView.xib */,
				16A902B11A86299000C3E65A /* TimeTableDayView.h */,
				16A902B21A86299000C3E65A /* TimeTableDayView.m */,
				1658035A1A86727100FD9E2D /* TimeTableCell.xib */,
				168636D01AB719DC00E392FE /* ExpandedView.xib */,
				168636D21AB71A1000E392FE /* ExpandedView.h */,
				168636D31AB71A1000E392FE /* ExpandedView.m */,
				4257839E1A69391600885323 /* GraphView.h */,
				4257839F1A69391600885323 /* GraphView.m */,
				425783981A68E93600885323 /* RoundedHexagonPercentageView.h */,
				425783991A68E93600885323 /* RoundedHexagonPercentageView.m */,
				425783901A6820B600885323 /* CondensedView.xib */,
				42F370CE1A88869D00854AE8 /* Sections of Expanded View */,
			);
			name = "View XIB Files";
			sourceTree = "<group>";
		};
		42F370CE1A88869D00854AE8 /* Sections of Expanded View */ = {
			isa = PBXGroup;
			children = (
				42F370CF1A8886C700854AE8 /* TopAttendanceView.xib */,
			);
			name = "Sections of Expanded View";
			sourceTree = "<group>";
		};
		57AD456BB52A0FFAD0EF6E67 /* Pods */ = {
			isa = PBXGroup;
			children = (
				35B4FC53CC73941112528291 /* Pods.debug.xcconfig */,
				E37A615077840976B51267B2 /* Pods.release.xcconfig */,
			);
			name = Pods;
			sourceTree = "<group>";
		};
/* End PBXGroup section */

/* Begin PBXNativeTarget section */
		16E4A2FD1A67D66900152389 /* VITacademics */ = {
			isa = PBXNativeTarget;
			buildConfigurationList = 16E4A3211A67D66900152389 /* Build configuration list for PBXNativeTarget "VITacademics" */;
			buildPhases = (
				A3F2500286869D6451D03DF5 /* Check Pods Manifest.lock */,
				16E4A2FA1A67D66900152389 /* Sources */,
				16E4A2FB1A67D66900152389 /* Frameworks */,
				16E4A2FC1A67D66900152389 /* Resources */,
				EDAB37BC300D5B2006D25268 /* Copy Pods Resources */,
				164C1CB71AC91D8B00940D9B /* ShellScript */,
			);
			buildRules = (
			);
			dependencies = (
			);
			name = VITacademics;
			productName = "VITacademics-Glass";
			productReference = 16E4A2FE1A67D66900152389 /* VITacademics.app */;
			productType = "com.apple.product-type.application";
		};
/* End PBXNativeTarget section */

/* Begin PBXProject section */
		16E4A2F61A67D66900152389 /* Project object */ = {
			isa = PBXProject;
			attributes = {
				LastUpgradeCheck = 0610;
				ORGANIZATIONNAME = "Siddharth Gupta";
				TargetAttributes = {
					16E4A2FD1A67D66900152389 = {
						CreatedOnToolsVersion = 6.1.1;
						DevelopmentTeam = RV68FXHFU7;
						SystemCapabilities = {
							com.apple.BackgroundModes = {
								enabled = 1;
							};
							com.apple.GameCenter = {
								enabled = 1;
							};
							com.apple.InAppPurchase = {
								enabled = 1;
							};
						};
					};
				};
			};
			buildConfigurationList = 16E4A2F91A67D66900152389 /* Build configuration list for PBXProject "VITacademics-Glass" */;
			compatibilityVersion = "Xcode 3.2";
			developmentRegion = English;
			hasScannedForEncodings = 0;
			knownRegions = (
				en,
				Base,
			);
			mainGroup = 16E4A2F51A67D66900152389;
			productRefGroup = 16E4A2FF1A67D66900152389 /* Products */;
			projectDirPath = "";
			projectReferences = (
				{
					ProductGroup = 16D5D5081A700CC50077499D /* Products */;
					ProjectRef = 16D5D5071A700CC50077499D /* CuteAnimals.xcodeproj */;
				},
				{
					ProductGroup = 16D5D4CC1A700CC50077499D /* Products */;
					ProjectRef = 16D5D4CB1A700CC50077499D /* CuteAnimals.xcodeproj */;
				},
			);
			projectRoot = "";
			targets = (
				16E4A2FD1A67D66900152389 /* VITacademics */,
			);
		};
/* End PBXProject section */

/* Begin PBXReferenceProxy section */
		16D5D53D1A700CC60077499D /* CuteAnimals.app */ = {
			isa = PBXReferenceProxy;
			fileType = wrapper.application;
			path = CuteAnimals.app;
			remoteRef = 16D5D53C1A700CC60077499D /* PBXContainerItemProxy */;
			sourceTree = BUILT_PRODUCTS_DIR;
		};
		16D5D5401A700CC60077499D /* CuteAnimals.app */ = {
			isa = PBXReferenceProxy;
			fileType = wrapper.application;
			path = CuteAnimals.app;
			remoteRef = 16D5D53F1A700CC60077499D /* PBXContainerItemProxy */;
			sourceTree = BUILT_PRODUCTS_DIR;
		};
/* End PBXReferenceProxy section */

/* Begin PBXResourcesBuildPhase section */
		16E4A2FC1A67D66900152389 /* Resources */ = {
			isa = PBXResourcesBuildPhase;
			buildActionMask = 2147483647;
			files = (
				1662CF3E1A7A75AB00F02F81 /* TimeTableCondensedView.xib in Resources */,
				1681950E1A7284F8009C236B /* b1.jpg in Resources */,
				16C98A0A1AC04BC000E384E7 /* 2.jpg in Resources */,
				425783911A6820B600885323 /* CondensedView.xib in Resources */,
				16C98A081AC04BC000E384E7 /* 5.jpg in Resources */,
				168195131A728508009C236B /* b5.jpg in Resources */,
				16C98A0B1AC04BC000E384E7 /* 1.jpg in Resources */,
				168636D11AB719DC00E392FE /* ExpandedView.xib in Resources */,
				1673A4C21B3A7EF000A5BFD1 /* vitmap.jpg in Resources */,
				42F370D01A8886C700854AE8 /* TopAttendanceView.xib in Resources */,
				161CCDA31A6A436600527A7A /* .gitignore in Resources */,
				161CCDA51A6A436600527A7A /* LICENSE in Resources */,
				1681950A1A727D20009C236B /* b3.jpg in Resources */,
				16C98A071AC04BC000E384E7 /* 6.jpg in Resources */,
				1681950C1A727D65009C236B /* b2.jpg in Resources */,
				1658035B1A86727100FD9E2D /* TimeTableCell.xib in Resources */,
				16C7A4C31A7158FA009D6522 /* Images-2.xcassets in Resources */,
				16E4A30D1A67D66900152389 /* Main.storyboard in Resources */,
				42E4ACFB1A6EC81200D9572F /* Menu@2x.png in Resources */,
				168195061A727C3A009C236B /* ice.png in Resources */,
				16C98A091AC04BC000E384E7 /* 3.jpg in Resources */,
				168195141A728508009C236B /* b6.jpg in Resources */,
			);
			runOnlyForDeploymentPostprocessing = 0;
		};
/* End PBXResourcesBuildPhase section */

/* Begin PBXShellScriptBuildPhase section */
		164C1CB71AC91D8B00940D9B /* ShellScript */ = {
			isa = PBXShellScriptBuildPhase;
			buildActionMask = 2147483647;
			files = (
			);
			inputPaths = (
			);
			outputPaths = (
			);
			runOnlyForDeploymentPostprocessing = 0;
			shellPath = /bin/sh;
			shellScript = "./Fabric.framework/run 28e3871574e10571181662cc8fc2da6b210f40f6 e826958897286beecbb94e166e65dfe17b05742f2f65f646e6ccd9822e02f7ce";
		};
		A3F2500286869D6451D03DF5 /* Check Pods Manifest.lock */ = {
			isa = PBXShellScriptBuildPhase;
			buildActionMask = 2147483647;
			files = (
			);
			inputPaths = (
			);
			name = "Check Pods Manifest.lock";
			outputPaths = (
			);
			runOnlyForDeploymentPostprocessing = 0;
			shellPath = /bin/sh;
			shellScript = "diff \"${PODS_ROOT}/../Podfile.lock\" \"${PODS_ROOT}/Manifest.lock\" > /dev/null\nif [[ $? != 0 ]] ; then\n    cat << EOM\nerror: The sandbox is not in sync with the Podfile.lock. Run 'pod install' or update your CocoaPods installation.\nEOM\n    exit 1\nfi\n";
			showEnvVarsInLog = 0;
		};
		EDAB37BC300D5B2006D25268 /* Copy Pods Resources */ = {
			isa = PBXShellScriptBuildPhase;
			buildActionMask = 2147483647;
			files = (
			);
			inputPaths = (
			);
			name = "Copy Pods Resources";
			outputPaths = (
			);
			runOnlyForDeploymentPostprocessing = 0;
			shellPath = /bin/sh;
			shellScript = "\"${SRCROOT}/Pods/Target Support Files/Pods/Pods-resources.sh\"\n";
			showEnvVarsInLog = 0;
		};
/* End PBXShellScriptBuildPhase section */

/* Begin PBXSourcesBuildPhase section */
		16E4A2FA1A67D66900152389 /* Sources */ = {
			isa = PBXSourcesBuildPhase;
			buildActionMask = 2147483647;
			files = (
				16326AEA1AC7544C009C5F9E /* RDVCalendarViewController.m in Sources */,
				161CCDAF1A6A436600527A7A /* VITXClient.m in Sources */,
				16617C171A6BDF86000CA406 /* LoginViewController.m in Sources */,
				4257839A1A68E93600885323 /* RoundedHexagonPercentageView.m in Sources */,
				161CCDAD1A6A436600527A7A /* User.m in Sources */,
				16818E261B2F63D3000B049D /* Marks.m in Sources */,
				168636D41AB71A1000E392FE /* ExpandedView.m in Sources */,
				1653CF781B3B0C080091578D /* TimingElement.m in Sources */,
				1662CF3C1A7A746F00F02F81 /* TimeTableCollectionViewController.m in Sources */,
				16326AE81AC7544C009C5F9E /* RDVCalendarDayCell.m in Sources */,
				167203B91A6B969F00A498AE /* CCLocalMaximum.m in Sources */,
				16E4A3071A67D66900152389 /* AppDelegate.m in Sources */,
				161CCDAB1A6A436600527A7A /* LoginStatus.m in Sources */,
				161CCDB01A6A436600527A7A /* VITXManager.m in Sources */,
				16A902B31A86299000C3E65A /* TimeTableDayView.m in Sources */,
				16326AE91AC7544C009C5F9E /* RDVCalendarView.m in Sources */,
				16818E2B1B2F64BC000B049D /* MarksElement.m in Sources */,
				161CCDA91A6A436600527A7A /* Courses.m in Sources */,
				1673A4BE1B3A7ED800A5BFD1 /* CampusMapViewController.m in Sources */,
				161CCDA61A6A436600527A7A /* Attendance.m in Sources */,
				425783A01A69391600885323 /* GraphView.m in Sources */,
				16617C1B1A6BE622000CA406 /* BaseViewController.m in Sources */,
				161CCDAE1A6A436600527A7A /* README.md in Sources */,
				16E4A3041A67D66900152389 /* main.m in Sources */,
				165119E71B309494003464B1 /* VRGCalendarView.m in Sources */,
				165119E91B309494003464B1 /* NSMutableArray+convenience.m in Sources */,
				165119EB1B309494003464B1 /* UIColor+expanded.m in Sources */,
				165119E81B309494003464B1 /* UIView+convenience.m in Sources */,
				161CCDA41A6A436600527A7A /* NSValueTransformer+FTGTransformerAdditions.m in Sources */,
				16E4A3291A67D6DE00152389 /* HomeCollectionViewController.m in Sources */,
				165119EA1B309494003464B1 /* NSDate+convenience.m in Sources */,
				167203B81A6B969F00A498AE /* CCColorCube.mm in Sources */,
				161CCDA71A6A436600527A7A /* AttendanceDetails.m in Sources */,
				164912E11ACDE0D7000057A3 /* CGPATableViewController.m in Sources */,
			);
			runOnlyForDeploymentPostprocessing = 0;
		};
/* End PBXSourcesBuildPhase section */

/* Begin PBXVariantGroup section */
		16E4A30B1A67D66900152389 /* Main.storyboard */ = {
			isa = PBXVariantGroup;
			children = (
				16E4A30C1A67D66900152389 /* Base */,
			);
			name = Main.storyboard;
			sourceTree = "<group>";
		};
/* End PBXVariantGroup section */

/* Begin XCBuildConfiguration section */
		16E4A31F1A67D66900152389 /* Debug */ = {
			isa = XCBuildConfiguration;
			buildSettings = {
				ALWAYS_SEARCH_USER_PATHS = NO;
				CLANG_CXX_LANGUAGE_STANDARD = "gnu++0x";
				CLANG_CXX_LIBRARY = "libc++";
				CLANG_ENABLE_MODULES = YES;
				CLANG_ENABLE_OBJC_ARC = YES;
				CLANG_WARN_BOOL_CONVERSION = YES;
				CLANG_WARN_CONSTANT_CONVERSION = YES;
				CLANG_WARN_DIRECT_OBJC_ISA_USAGE = YES_ERROR;
				CLANG_WARN_EMPTY_BODY = YES;
				CLANG_WARN_ENUM_CONVERSION = YES;
				CLANG_WARN_INT_CONVERSION = YES;
				CLANG_WARN_OBJC_ROOT_CLASS = YES_ERROR;
				CLANG_WARN_UNREACHABLE_CODE = YES;
				CLANG_WARN__DUPLICATE_METHOD_MATCH = YES;
				"CODE_SIGN_IDENTITY[sdk=iphoneos*]" = "iPhone Developer";
				COPY_PHASE_STRIP = NO;
				ENABLE_STRICT_OBJC_MSGSEND = YES;
				GCC_C_LANGUAGE_STANDARD = gnu99;
				GCC_DYNAMIC_NO_PIC = NO;
				GCC_OPTIMIZATION_LEVEL = 0;
				GCC_PREPROCESSOR_DEFINITIONS = (
					"DEBUG=1",
					"$(inherited)",
				);
				GCC_SYMBOLS_PRIVATE_EXTERN = NO;
				GCC_WARN_64_TO_32_BIT_CONVERSION = YES;
				GCC_WARN_ABOUT_RETURN_TYPE = YES_ERROR;
				GCC_WARN_UNDECLARED_SELECTOR = YES;
				GCC_WARN_UNINITIALIZED_AUTOS = YES_AGGRESSIVE;
				GCC_WARN_UNUSED_FUNCTION = YES;
				GCC_WARN_UNUSED_VARIABLE = YES;
				IPHONEOS_DEPLOYMENT_TARGET = 8.1;
				MTL_ENABLE_DEBUG_INFO = YES;
				ONLY_ACTIVE_ARCH = YES;
				SDKROOT = iphoneos;
				TARGETED_DEVICE_FAMILY = "1,2";
			};
			name = Debug;
		};
		16E4A3201A67D66900152389 /* Release */ = {
			isa = XCBuildConfiguration;
			buildSettings = {
				ALWAYS_SEARCH_USER_PATHS = NO;
				CLANG_CXX_LANGUAGE_STANDARD = "gnu++0x";
				CLANG_CXX_LIBRARY = "libc++";
				CLANG_ENABLE_MODULES = YES;
				CLANG_ENABLE_OBJC_ARC = YES;
				CLANG_WARN_BOOL_CONVERSION = YES;
				CLANG_WARN_CONSTANT_CONVERSION = YES;
				CLANG_WARN_DIRECT_OBJC_ISA_USAGE = YES_ERROR;
				CLANG_WARN_EMPTY_BODY = YES;
				CLANG_WARN_ENUM_CONVERSION = YES;
				CLANG_WARN_INT_CONVERSION = YES;
				CLANG_WARN_OBJC_ROOT_CLASS = YES_ERROR;
				CLANG_WARN_UNREACHABLE_CODE = YES;
				CLANG_WARN__DUPLICATE_METHOD_MATCH = YES;
				"CODE_SIGN_IDENTITY[sdk=iphoneos*]" = "iPhone Developer";
				COPY_PHASE_STRIP = YES;
				ENABLE_NS_ASSERTIONS = NO;
				ENABLE_STRICT_OBJC_MSGSEND = YES;
				GCC_C_LANGUAGE_STANDARD = gnu99;
				GCC_WARN_64_TO_32_BIT_CONVERSION = YES;
				GCC_WARN_ABOUT_RETURN_TYPE = YES_ERROR;
				GCC_WARN_UNDECLARED_SELECTOR = YES;
				GCC_WARN_UNINITIALIZED_AUTOS = YES_AGGRESSIVE;
				GCC_WARN_UNUSED_FUNCTION = YES;
				GCC_WARN_UNUSED_VARIABLE = YES;
				IPHONEOS_DEPLOYMENT_TARGET = 8.1;
				MTL_ENABLE_DEBUG_INFO = NO;
				SDKROOT = iphoneos;
				TARGETED_DEVICE_FAMILY = "1,2";
				VALIDATE_PRODUCT = YES;
			};
			name = Release;
		};
		16E4A3221A67D66900152389 /* Debug */ = {
			isa = XCBuildConfiguration;
			baseConfigurationReference = 35B4FC53CC73941112528291 /* Pods.debug.xcconfig */;
			buildSettings = {
				ASSETCATALOG_COMPILER_APPICON_NAME = AppIcon;
				ASSETCATALOG_COMPILER_LAUNCHIMAGE_NAME = LaunchImage;
				CODE_SIGN_IDENTITY = "iPhone Developer";
				"CODE_SIGN_IDENTITY[sdk=iphoneos*]" = "iPhone Developer";
				FRAMEWORK_SEARCH_PATHS = (
					"$(inherited)",
					"$(PROJECT_DIR)",
				);
				INFOPLIST_FILE = "VITacademics-Glass/Info.plist";
				IPHONEOS_DEPLOYMENT_TARGET = 7.0;
				LD_RUNPATH_SEARCH_PATHS = "$(inherited) @executable_path/Frameworks";
				LIBRARY_SEARCH_PATHS = (
					"$(inherited)",
					/Users/Sids/Downloads/GoogleAnalyticsServicesiOS_3.10,
					"$(PROJECT_DIR)/VITacademics-Glass",
				);
				PRODUCT_NAME = "$(TARGET_NAME)";
				PROVISIONING_PROFILE = "";
			};
			name = Debug;
		};
		16E4A3231A67D66900152389 /* Release */ = {
			isa = XCBuildConfiguration;
			baseConfigurationReference = E37A615077840976B51267B2 /* Pods.release.xcconfig */;
			buildSettings = {
				ASSETCATALOG_COMPILER_APPICON_NAME = AppIcon;
				ASSETCATALOG_COMPILER_LAUNCHIMAGE_NAME = LaunchImage;
				CODE_SIGN_IDENTITY = "iPhone Developer";
				"CODE_SIGN_IDENTITY[sdk=iphoneos*]" = "iPhone Developer";
				FRAMEWORK_SEARCH_PATHS = (
					"$(inherited)",
					"$(PROJECT_DIR)",
				);
				INFOPLIST_FILE = "VITacademics-Glass/Info.plist";
				IPHONEOS_DEPLOYMENT_TARGET = 7.0;
				LD_RUNPATH_SEARCH_PATHS = "$(inherited) @executable_path/Frameworks";
				LIBRARY_SEARCH_PATHS = (
					"$(inherited)",
					/Users/Sids/Downloads/GoogleAnalyticsServicesiOS_3.10,
					"$(PROJECT_DIR)/VITacademics-Glass",
				);
				PRODUCT_NAME = "$(TARGET_NAME)";
				PROVISIONING_PROFILE = "adb3e3ef-c4b6-434c-b0d5-bac127b0ce9e";
			};
			name = Release;
		};
/* End XCBuildConfiguration section */

/* Begin XCConfigurationList section */
		16E4A2F91A67D66900152389 /* Build configuration list for PBXProject "VITacademics-Glass" */ = {
			isa = XCConfigurationList;
			buildConfigurations = (
				16E4A31F1A67D66900152389 /* Debug */,
				16E4A3201A67D66900152389 /* Release */,
			);
			defaultConfigurationIsVisible = 0;
			defaultConfigurationName = Release;
		};
		16E4A3211A67D66900152389 /* Build configuration list for PBXNativeTarget "VITacademics" */ = {
			isa = XCConfigurationList;
			buildConfigurations = (
				16E4A3221A67D66900152389 /* Debug */,
				16E4A3231A67D66900152389 /* Release */,
			);
			defaultConfigurationIsVisible = 0;
			defaultConfigurationName = Release;
		};
/* End XCConfigurationList section */
	};
	rootObject = 16E4A2F61A67D66900152389 /* Project object */;
}
